// !$*UTF8*$!
{
	archiveVersion = 1;
	classes = {
	};
	objectVersion = 56;
	objects = {

/* Begin PBXBuildFile section */
		5B1236752C44423400B17B15 /* FeedCache.swift in Sources */ = {isa = PBXBuildFile; fileRef = 5B1236742C44423400B17B15 /* FeedCache.swift */; };
		5B12367F2C4447B800B17B15 /* FeedImageDataCache.swift in Sources */ = {isa = PBXBuildFile; fileRef = 5B12367E2C4447B800B17B15 /* FeedImageDataCache.swift */; };
		5B1E01CB2C0DBE2B00FC9F0F /* EssentialFeediOS.framework in Frameworks */ = {isa = PBXBuildFile; fileRef = 5B1E01C12C0DBE2A00FC9F0F /* EssentialFeediOS.framework */; };
		5B1E01DD2C0E000000FC9F0F /* EssentialFeed.framework in Frameworks */ = {isa = PBXBuildFile; fileRef = 5BA66E382BE7700000014946 /* EssentialFeed.framework */; platformFilter = ios; };
		5B1E01DE2C0E000000FC9F0F /* EssentialFeed.framework in Embed Frameworks */ = {isa = PBXBuildFile; fileRef = 5BA66E382BE7700000014946 /* EssentialFeed.framework */; platformFilter = ios; settings = {ATTRIBUTES = (CodeSignOnCopy, RemoveHeadersOnCopy, ); }; };
		5B1E01E22C0E01D500FC9F0F /* XCTestCase+MemoryLeakTracking.swift in Sources */ = {isa = PBXBuildFile; fileRef = 5BA66E642BEFE2C000014946 /* XCTestCase+MemoryLeakTracking.swift */; };
		5B1E01E42C0E575B00FC9F0F /* FeedViewController.swift in Sources */ = {isa = PBXBuildFile; fileRef = 5B1E01E32C0E575B00FC9F0F /* FeedViewController.swift */; };
		5B1E01E62C10C15300FC9F0F /* FeedImageCell.swift in Sources */ = {isa = PBXBuildFile; fileRef = 5B1E01E52C10C15300FC9F0F /* FeedImageCell.swift */; };
		5B1E01E82C10E26500FC9F0F /* UIView+Shimmering.swift in Sources */ = {isa = PBXBuildFile; fileRef = 5B1E01E72C10E26500FC9F0F /* UIView+Shimmering.swift */; };
		5B1E01F22C13657C00FC9F0F /* FeedImageCellController.swift in Sources */ = {isa = PBXBuildFile; fileRef = 5B1E01F12C13657C00FC9F0F /* FeedImageCellController.swift */; };
		5B1E02052C15A84800FC9F0F /* Feed.storyboard in Resources */ = {isa = PBXBuildFile; fileRef = 5B1E02042C15A84800FC9F0F /* Feed.storyboard */; };
		5B1E02072C15A8DC00FC9F0F /* Feed.xcassets in Resources */ = {isa = PBXBuildFile; fileRef = 5B1E02062C15A8DC00FC9F0F /* Feed.xcassets */; };
		5B1E02092C15BA4500FC9F0F /* UITableView+Dequeueing.swift in Sources */ = {isa = PBXBuildFile; fileRef = 5B1E02082C15BA4500FC9F0F /* UITableView+Dequeueing.swift */; };
		5B1E020B2C15BB9B00FC9F0F /* UIImageView+Animations.swift in Sources */ = {isa = PBXBuildFile; fileRef = 5B1E020A2C15BB9B00FC9F0F /* UIImageView+Animations.swift */; };
		5BA66E3D2BE7700000014946 /* EssentialFeed.docc in Sources */ = {isa = PBXBuildFile; fileRef = 5BA66E3C2BE7700000014946 /* EssentialFeed.docc */; };
		5BA66E432BE7700100014946 /* EssentialFeed.framework in Frameworks */ = {isa = PBXBuildFile; fileRef = 5BA66E382BE7700000014946 /* EssentialFeed.framework */; };
		5BA66E492BE7700100014946 /* EssentialFeed.h in Headers */ = {isa = PBXBuildFile; fileRef = 5BA66E3B2BE7700000014946 /* EssentialFeed.h */; settings = {ATTRIBUTES = (Public, ); }; };
		5BA66E532BE7701D00014946 /* FeedImage.swift in Sources */ = {isa = PBXBuildFile; fileRef = 5BA66E522BE7701D00014946 /* FeedImage.swift */; };
		5BA66E582BE775CA00014946 /* FeedItemMapperTests.swift in Sources */ = {isa = PBXBuildFile; fileRef = 5BA66E572BE775CA00014946 /* FeedItemMapperTests.swift */; };
		5BA66E5D2BEBFDE900014946 /* HTTPClient.swift in Sources */ = {isa = PBXBuildFile; fileRef = 5BA66E5C2BEBFDE900014946 /* HTTPClient.swift */; };
		5BA66E5F2BEBFE4000014946 /* FeedItemMapper.swift in Sources */ = {isa = PBXBuildFile; fileRef = 5BA66E5E2BEBFE4000014946 /* FeedItemMapper.swift */; };
		5BA66E622BEF746D00014946 /* URLSessionHTTPClientTest.swift in Sources */ = {isa = PBXBuildFile; fileRef = 5BA66E612BEF746D00014946 /* URLSessionHTTPClientTest.swift */; };
		5BA66E652BEFE2C000014946 /* XCTestCase+MemoryLeakTracking.swift in Sources */ = {isa = PBXBuildFile; fileRef = 5BA66E642BEFE2C000014946 /* XCTestCase+MemoryLeakTracking.swift */; };
		5BA66E672BEFFF0C00014946 /* URLSessionHTTPClient.swift in Sources */ = {isa = PBXBuildFile; fileRef = 5BA66E662BEFFF0C00014946 /* URLSessionHTTPClient.swift */; };
		5BA66E712BF0C77D00014946 /* EssentialFeedAPIEndToEndTests.swift in Sources */ = {isa = PBXBuildFile; fileRef = 5BA66E702BF0C77D00014946 /* EssentialFeedAPIEndToEndTests.swift */; };
		5BA66E722BF0C77D00014946 /* EssentialFeed.framework in Frameworks */ = {isa = PBXBuildFile; fileRef = 5BA66E382BE7700000014946 /* EssentialFeed.framework */; };
		5BA66E782BF0CCCC00014946 /* XCTestCase+MemoryLeakTracking.swift in Sources */ = {isa = PBXBuildFile; fileRef = 5BA66E642BEFE2C000014946 /* XCTestCase+MemoryLeakTracking.swift */; };
		5BA66E802BF65F0500014946 /* CacheFeedUseCaseTests.swift in Sources */ = {isa = PBXBuildFile; fileRef = 5BA66E7F2BF65F0500014946 /* CacheFeedUseCaseTests.swift */; };
		5BA66E832BF6828700014946 /* LocalFeedLoader.swift in Sources */ = {isa = PBXBuildFile; fileRef = 5BA66E822BF6828700014946 /* LocalFeedLoader.swift */; };
		5BA66E852BF6830400014946 /* FeedStore.swift in Sources */ = {isa = PBXBuildFile; fileRef = 5BA66E842BF6830400014946 /* FeedStore.swift */; };
		5BA66E892BF769A300014946 /* LocalFeedImage.swift in Sources */ = {isa = PBXBuildFile; fileRef = 5BA66E882BF769A300014946 /* LocalFeedImage.swift */; };
		5BA66E8B2BF7969D00014946 /* LoadFeedFromCacheUseCaseTests.swift in Sources */ = {isa = PBXBuildFile; fileRef = 5BA66E8A2BF7969D00014946 /* LoadFeedFromCacheUseCaseTests.swift */; };
		5BA66E8E2BF7981F00014946 /* FeedStoreSpy.swift in Sources */ = {isa = PBXBuildFile; fileRef = 5BA66E8D2BF7981F00014946 /* FeedStoreSpy.swift */; };
		5BA66E902BF9F93000014946 /* ValidateFeedCacheUseCaseTests.swift in Sources */ = {isa = PBXBuildFile; fileRef = 5BA66E8F2BF9F93000014946 /* ValidateFeedCacheUseCaseTests.swift */; };
		5BA66E922BF9FD6E00014946 /* FeedCacheTestHelpers.swift in Sources */ = {isa = PBXBuildFile; fileRef = 5BA66E912BF9FD6E00014946 /* FeedCacheTestHelpers.swift */; };
		5BA66E952BF9FE1D00014946 /* SharedTestHelpers.swift in Sources */ = {isa = PBXBuildFile; fileRef = 5BA66E942BF9FE1D00014946 /* SharedTestHelpers.swift */; };
		5BA66E972BFA6E8700014946 /* FeedCachePolicy.swift in Sources */ = {isa = PBXBuildFile; fileRef = 5BA66E962BFA6E8700014946 /* FeedCachePolicy.swift */; };
		5BA66E9D2BFE3FDE00014946 /* FeedStoreSpecs.swift in Sources */ = {isa = PBXBuildFile; fileRef = 5BA66E9C2BFE3FDE00014946 /* FeedStoreSpecs.swift */; };
		5BA66E9F2BFE609300014946 /* XCTest+FeedStoreSpecs.swift in Sources */ = {isa = PBXBuildFile; fileRef = 5BA66E9E2BFE609300014946 /* XCTest+FeedStoreSpecs.swift */; };
		5BA66EA12BFE65CC00014946 /* XCTest+FailableRetrieveFeedStoreSpecs.swift in Sources */ = {isa = PBXBuildFile; fileRef = 5BA66EA02BFE65CC00014946 /* XCTest+FailableRetrieveFeedStoreSpecs.swift */; };
		5BA66EA32BFE66C900014946 /* XCTest+FailableInsertFeedStoreSpecs.swift in Sources */ = {isa = PBXBuildFile; fileRef = 5BA66EA22BFE66C900014946 /* XCTest+FailableInsertFeedStoreSpecs.swift */; };
		5BA66EA52BFE677000014946 /* XCTest+FailableDeleteFeedStoreSpecs.swift in Sources */ = {isa = PBXBuildFile; fileRef = 5BA66EA42BFE677000014946 /* XCTest+FailableDeleteFeedStoreSpecs.swift */; };
		5BA66EA82BFF461E00014946 /* CoreDataFeedStoreTests.swift in Sources */ = {isa = PBXBuildFile; fileRef = 5BA66EA72BFF461E00014946 /* CoreDataFeedStoreTests.swift */; };
		5BA66EAA2BFF46E500014946 /* CoreDataFeedStore.swift in Sources */ = {isa = PBXBuildFile; fileRef = 5BA66EA92BFF46E400014946 /* CoreDataFeedStore.swift */; };
		5BA66EAD2BFF47DA00014946 /* FeedStore.xcdatamodeld in Sources */ = {isa = PBXBuildFile; fileRef = 5BA66EAB2BFF47DA00014946 /* FeedStore.xcdatamodeld */; };
		5BA66EB02BFF9AD300014946 /* CoreDataHelpers.swift in Sources */ = {isa = PBXBuildFile; fileRef = 5BA66EAF2BFF9AD300014946 /* CoreDataHelpers.swift */; };
		5BA66EB52BFF9B8600014946 /* ManagedCache.swift in Sources */ = {isa = PBXBuildFile; fileRef = 5BA66EB42BFF9B8600014946 /* ManagedCache.swift */; };
		5BA66EB72BFF9BB500014946 /* ManagedFeedImage.swift in Sources */ = {isa = PBXBuildFile; fileRef = 5BA66EB62BFF9BB500014946 /* ManagedFeedImage.swift */; };
		5BA66EBF2BFF9E1A00014946 /* EssentialFeedCacheIntegrationTests.swift in Sources */ = {isa = PBXBuildFile; fileRef = 5BA66EBE2BFF9E1A00014946 /* EssentialFeedCacheIntegrationTests.swift */; };
		5BA66EC02BFF9E1A00014946 /* EssentialFeed.framework in Frameworks */ = {isa = PBXBuildFile; fileRef = 5BA66E382BE7700000014946 /* EssentialFeed.framework */; };
		5BA66EC72BFFA19500014946 /* XCTestCase+MemoryLeakTracking.swift in Sources */ = {isa = PBXBuildFile; fileRef = 5BA66E642BEFE2C000014946 /* XCTestCase+MemoryLeakTracking.swift */; };
		5BA66EC82BFFA32900014946 /* SharedTestHelpers.swift in Sources */ = {isa = PBXBuildFile; fileRef = 5BA66E942BF9FE1D00014946 /* SharedTestHelpers.swift */; };
		5BA66EC92BFFA33700014946 /* FeedCacheTestHelpers.swift in Sources */ = {isa = PBXBuildFile; fileRef = 5BA66E912BF9FD6E00014946 /* FeedCacheTestHelpers.swift */; };
		5BC8991B2C4EA9AC00F7D31A /* FeedSnapshotTests.swift in Sources */ = {isa = PBXBuildFile; fileRef = 5BC8991A2C4EA9AC00F7D31A /* FeedSnapshotTests.swift */; };
		5BC899202C4EB41900F7D31A /* UIImage+TestHelpers.swift in Sources */ = {isa = PBXBuildFile; fileRef = 5BC8991F2C4EB41900F7D31A /* UIImage+TestHelpers.swift */; };
		5BC899222C4EB42700F7D31A /* FeedViewController+FakeRefreshControl.swift in Sources */ = {isa = PBXBuildFile; fileRef = 5BC899212C4EB42600F7D31A /* FeedViewController+FakeRefreshControl.swift */; };
		5BC899262C4EB49000F7D31A /* FakeRefreshControl.swift in Sources */ = {isa = PBXBuildFile; fileRef = 5BC899252C4EB49000F7D31A /* FakeRefreshControl.swift */; };
		5BC8992A2C515B4700F7D31A /* UITableView+HeaderSizing.swift in Sources */ = {isa = PBXBuildFile; fileRef = 5BC899292C515B4700F7D31A /* UITableView+HeaderSizing.swift */; };
		5BC8992E2C51686A00F7D31A /* UIViewController+Snapshot.swift in Sources */ = {isa = PBXBuildFile; fileRef = 5BC8992D2C51686A00F7D31A /* UIViewController+Snapshot.swift */; };
		5BC899302C5168CA00F7D31A /* XCTestCase+Snapshot.swift in Sources */ = {isa = PBXBuildFile; fileRef = 5BC8992F2C5168CA00F7D31A /* XCTestCase+Snapshot.swift */; };
		5BC8993C2C5393A500F7D31A /* ImageCommentsMapper.swift in Sources */ = {isa = PBXBuildFile; fileRef = 5BC8993B2C5393A500F7D31A /* ImageCommentsMapper.swift */; };
		5BC8993F2C53981F00F7D31A /* ImageComment.swift in Sources */ = {isa = PBXBuildFile; fileRef = 5BC8993E2C53981F00F7D31A /* ImageComment.swift */; };
		5BC8994D2C541B2200F7D31A /* ImageCommentsMapperTests.swift in Sources */ = {isa = PBXBuildFile; fileRef = 5BC8994C2C541B2200F7D31A /* ImageCommentsMapperTests.swift */; };
		5BFDAD452C203227008CEF26 /* ErrorView.swift in Sources */ = {isa = PBXBuildFile; fileRef = 5BFDAD442C203227008CEF26 /* ErrorView.swift */; };
		5BFDAD4A2C203770008CEF26 /* UIRefreshControl+Helpers.swift in Sources */ = {isa = PBXBuildFile; fileRef = 5BFDAD492C203770008CEF26 /* UIRefreshControl+Helpers.swift */; };
		5BFDAD4D2C203E6B008CEF26 /* FeedPresenterTests.swift in Sources */ = {isa = PBXBuildFile; fileRef = 5BFDAD4C2C203E6B008CEF26 /* FeedPresenterTests.swift */; };
		5BFDAD552C220DE1008CEF26 /* FeedPresenter.swift in Sources */ = {isa = PBXBuildFile; fileRef = 5BFDAD542C220DE1008CEF26 /* FeedPresenter.swift */; };
		5BFDAD562C220FD2008CEF26 /* Feed.strings in Resources */ = {isa = PBXBuildFile; fileRef = 5BFDAD4E2C220C6B008CEF26 /* Feed.strings */; };
		5BFDAD582C22102A008CEF26 /* FeedViewModel.swift in Sources */ = {isa = PBXBuildFile; fileRef = 5BFDAD572C22102A008CEF26 /* FeedViewModel.swift */; };
		5BFDAD5A2C221049008CEF26 /* FeedLoadingViewModel.swift in Sources */ = {isa = PBXBuildFile; fileRef = 5BFDAD592C221049008CEF26 /* FeedLoadingViewModel.swift */; };
		5BFDAD5C2C22105E008CEF26 /* FeedErrorViewModel.swift in Sources */ = {isa = PBXBuildFile; fileRef = 5BFDAD5B2C22105E008CEF26 /* FeedErrorViewModel.swift */; };
		5BFDAD5D2C221246008CEF26 /* FeedLocalizationTests.swift in Sources */ = {isa = PBXBuildFile; fileRef = 5B1E022D2C16239200FC9F0F /* FeedLocalizationTests.swift */; };
		5BFDAD5F2C230EAC008CEF26 /* FeedImagePresenterTests.swift in Sources */ = {isa = PBXBuildFile; fileRef = 5BFDAD5E2C230EAC008CEF26 /* FeedImagePresenterTests.swift */; };
		5BFDAD612C2314A1008CEF26 /* FeedImagePresenter.swift in Sources */ = {isa = PBXBuildFile; fileRef = 5BFDAD602C2314A1008CEF26 /* FeedImagePresenter.swift */; };
		5BFDAD632C231531008CEF26 /* FeedImageViewModel.swift in Sources */ = {isa = PBXBuildFile; fileRef = 5BFDAD622C231531008CEF26 /* FeedImageViewModel.swift */; };
		5BFDAD642C2EF449008CEF26 /* FeedImageDataLoader.swift in Sources */ = {isa = PBXBuildFile; fileRef = 5B1E01EA2C135AA100FC9F0F /* FeedImageDataLoader.swift */; };
		5BFDAD662C2EF6B2008CEF26 /* LoadFeedImageDataFromRemoteUseCaseTests.swift in Sources */ = {isa = PBXBuildFile; fileRef = 5BFDAD652C2EF6B2008CEF26 /* LoadFeedImageDataFromRemoteUseCaseTests.swift */; };
		5BFDAD682C2F0425008CEF26 /* HTTPClientSpy.swift in Sources */ = {isa = PBXBuildFile; fileRef = 5BFDAD672C2F0425008CEF26 /* HTTPClientSpy.swift */; };
		5BFDAD6A2C2F0482008CEF26 /* RemoteFeedImageDataLoader.swift in Sources */ = {isa = PBXBuildFile; fileRef = 5BFDAD692C2F0482008CEF26 /* RemoteFeedImageDataLoader.swift */; };
		5BFDAD6D2C2F0CCD008CEF26 /* HTTPURLResponse+StatusCode.swift in Sources */ = {isa = PBXBuildFile; fileRef = 5BFDAD6C2C2F0CCD008CEF26 /* HTTPURLResponse+StatusCode.swift */; };
		5BFDAD6F2C2F0D47008CEF26 /* URLProtocolStub.swift in Sources */ = {isa = PBXBuildFile; fileRef = 5BFDAD6E2C2F0D47008CEF26 /* URLProtocolStub.swift */; };
		5BFDAD712C354FEE008CEF26 /* LoadFeedImageDataFromCacheUseCaseTests.swift in Sources */ = {isa = PBXBuildFile; fileRef = 5BFDAD702C354FEE008CEF26 /* LoadFeedImageDataFromCacheUseCaseTests.swift */; };
		5BFDAD732C355B94008CEF26 /* FeedImageDataStore.swift in Sources */ = {isa = PBXBuildFile; fileRef = 5BFDAD722C355B94008CEF26 /* FeedImageDataStore.swift */; };
		5BFDAD752C355BBB008CEF26 /* LocalFeedImageDataLoader.swift in Sources */ = {isa = PBXBuildFile; fileRef = 5BFDAD742C355BBB008CEF26 /* LocalFeedImageDataLoader.swift */; };
		5BFDAD772C35B2FB008CEF26 /* FeedImageDataStoreSpy.swift in Sources */ = {isa = PBXBuildFile; fileRef = 5BFDAD762C35B2FB008CEF26 /* FeedImageDataStoreSpy.swift */; };
		5BFDAD792C35B5EC008CEF26 /* CacheFeedImageDataUseCaseTests.swift in Sources */ = {isa = PBXBuildFile; fileRef = 5BFDAD782C35B5EC008CEF26 /* CacheFeedImageDataUseCaseTests.swift */; };
		5BFDAD7B2C35BD57008CEF26 /* CoreDataFeedImageDataStoreTests.swift in Sources */ = {isa = PBXBuildFile; fileRef = 5BFDAD7A2C35BD57008CEF26 /* CoreDataFeedImageDataStoreTests.swift */; };
		5BFDAD7F2C35C084008CEF26 /* CoreDataFeedStore+FeedImageDataLoader.swift in Sources */ = {isa = PBXBuildFile; fileRef = 5BFDAD7E2C35C084008CEF26 /* CoreDataFeedStore+FeedImageDataLoader.swift */; };
		5BFDAD812C35C6A3008CEF26 /* CoreDataFeedStore+FeedStore.swift in Sources */ = {isa = PBXBuildFile; fileRef = 5BFDAD802C35C6A3008CEF26 /* CoreDataFeedStore+FeedStore.swift */; };
/* End PBXBuildFile section */

/* Begin PBXContainerItemProxy section */
		5B1E01CC2C0DBE2B00FC9F0F /* PBXContainerItemProxy */ = {
			isa = PBXContainerItemProxy;
			containerPortal = 5BA66E2F2BE7700000014946 /* Project object */;
			proxyType = 1;
			remoteGlobalIDString = 5B1E01C02C0DBE2A00FC9F0F;
			remoteInfo = EssentialFeediOS;
		};
		5B1E01DF2C0E000000FC9F0F /* PBXContainerItemProxy */ = {
			isa = PBXContainerItemProxy;
			containerPortal = 5BA66E2F2BE7700000014946 /* Project object */;
			proxyType = 1;
			remoteGlobalIDString = 5BA66E372BE7700000014946;
			remoteInfo = EssentialFeed;
		};
		5BA66E442BE7700100014946 /* PBXContainerItemProxy */ = {
			isa = PBXContainerItemProxy;
			containerPortal = 5BA66E2F2BE7700000014946 /* Project object */;
			proxyType = 1;
			remoteGlobalIDString = 5BA66E372BE7700000014946;
			remoteInfo = EssentialFeed;
		};
		5BA66E732BF0C77D00014946 /* PBXContainerItemProxy */ = {
			isa = PBXContainerItemProxy;
			containerPortal = 5BA66E2F2BE7700000014946 /* Project object */;
			proxyType = 1;
			remoteGlobalIDString = 5BA66E372BE7700000014946;
			remoteInfo = EssentialFeed;
		};
		5BA66EC12BFF9E1A00014946 /* PBXContainerItemProxy */ = {
			isa = PBXContainerItemProxy;
			containerPortal = 5BA66E2F2BE7700000014946 /* Project object */;
			proxyType = 1;
			remoteGlobalIDString = 5BA66E372BE7700000014946;
			remoteInfo = EssentialFeed;
		};
/* End PBXContainerItemProxy section */

/* Begin PBXCopyFilesBuildPhase section */
		5B1E01E12C0E000000FC9F0F /* Embed Frameworks */ = {
			isa = PBXCopyFilesBuildPhase;
			buildActionMask = 2147483647;
			dstPath = "";
			dstSubfolderSpec = 10;
			files = (
				5B1E01DE2C0E000000FC9F0F /* EssentialFeed.framework in Embed Frameworks */,
			);
			name = "Embed Frameworks";
			runOnlyForDeploymentPostprocessing = 0;
		};
/* End PBXCopyFilesBuildPhase section */

/* Begin PBXFileReference section */
		5B1236742C44423400B17B15 /* FeedCache.swift */ = {isa = PBXFileReference; lastKnownFileType = sourcecode.swift; path = FeedCache.swift; sourceTree = "<group>"; };
		5B12367E2C4447B800B17B15 /* FeedImageDataCache.swift */ = {isa = PBXFileReference; lastKnownFileType = sourcecode.swift; path = FeedImageDataCache.swift; sourceTree = "<group>"; };
		5B1E01C12C0DBE2A00FC9F0F /* EssentialFeediOS.framework */ = {isa = PBXFileReference; explicitFileType = wrapper.framework; includeInIndex = 0; path = EssentialFeediOS.framework; sourceTree = BUILT_PRODUCTS_DIR; };
		5B1E01CA2C0DBE2B00FC9F0F /* EssentialFeediOSTests.xctest */ = {isa = PBXFileReference; explicitFileType = wrapper.cfbundle; includeInIndex = 0; path = EssentialFeediOSTests.xctest; sourceTree = BUILT_PRODUCTS_DIR; };
		5B1E01E32C0E575B00FC9F0F /* FeedViewController.swift */ = {isa = PBXFileReference; lastKnownFileType = sourcecode.swift; path = FeedViewController.swift; sourceTree = "<group>"; };
		5B1E01E52C10C15300FC9F0F /* FeedImageCell.swift */ = {isa = PBXFileReference; lastKnownFileType = sourcecode.swift; path = FeedImageCell.swift; sourceTree = "<group>"; };
		5B1E01E72C10E26500FC9F0F /* UIView+Shimmering.swift */ = {isa = PBXFileReference; lastKnownFileType = sourcecode.swift; path = "UIView+Shimmering.swift"; sourceTree = "<group>"; };
		5B1E01EA2C135AA100FC9F0F /* FeedImageDataLoader.swift */ = {isa = PBXFileReference; lastKnownFileType = sourcecode.swift; path = FeedImageDataLoader.swift; sourceTree = "<group>"; };
		5B1E01F12C13657C00FC9F0F /* FeedImageCellController.swift */ = {isa = PBXFileReference; lastKnownFileType = sourcecode.swift; path = FeedImageCellController.swift; sourceTree = "<group>"; };
		5B1E02042C15A84800FC9F0F /* Feed.storyboard */ = {isa = PBXFileReference; lastKnownFileType = file.storyboard; path = Feed.storyboard; sourceTree = "<group>"; };
		5B1E02062C15A8DC00FC9F0F /* Feed.xcassets */ = {isa = PBXFileReference; lastKnownFileType = folder.assetcatalog; path = Feed.xcassets; sourceTree = "<group>"; };
		5B1E02082C15BA4500FC9F0F /* UITableView+Dequeueing.swift */ = {isa = PBXFileReference; lastKnownFileType = sourcecode.swift; path = "UITableView+Dequeueing.swift"; sourceTree = "<group>"; };
		5B1E020A2C15BB9B00FC9F0F /* UIImageView+Animations.swift */ = {isa = PBXFileReference; lastKnownFileType = sourcecode.swift; path = "UIImageView+Animations.swift"; sourceTree = "<group>"; };
		5B1E022D2C16239200FC9F0F /* FeedLocalizationTests.swift */ = {isa = PBXFileReference; lastKnownFileType = sourcecode.swift; path = FeedLocalizationTests.swift; sourceTree = "<group>"; };
		5BA66E382BE7700000014946 /* EssentialFeed.framework */ = {isa = PBXFileReference; explicitFileType = wrapper.framework; includeInIndex = 0; path = EssentialFeed.framework; sourceTree = BUILT_PRODUCTS_DIR; };
		5BA66E3B2BE7700000014946 /* EssentialFeed.h */ = {isa = PBXFileReference; lastKnownFileType = sourcecode.c.h; path = EssentialFeed.h; sourceTree = "<group>"; };
		5BA66E3C2BE7700000014946 /* EssentialFeed.docc */ = {isa = PBXFileReference; lastKnownFileType = folder.documentationcatalog; path = EssentialFeed.docc; sourceTree = "<group>"; };
		5BA66E422BE7700100014946 /* EssentialFeedTests.xctest */ = {isa = PBXFileReference; explicitFileType = wrapper.cfbundle; includeInIndex = 0; path = EssentialFeedTests.xctest; sourceTree = BUILT_PRODUCTS_DIR; };
		5BA66E522BE7701D00014946 /* FeedImage.swift */ = {isa = PBXFileReference; lastKnownFileType = sourcecode.swift; path = FeedImage.swift; sourceTree = "<group>"; };
		5BA66E572BE775CA00014946 /* FeedItemMapperTests.swift */ = {isa = PBXFileReference; lastKnownFileType = sourcecode.swift; path = FeedItemMapperTests.swift; sourceTree = "<group>"; };
		5BA66E5C2BEBFDE900014946 /* HTTPClient.swift */ = {isa = PBXFileReference; lastKnownFileType = sourcecode.swift; path = HTTPClient.swift; sourceTree = "<group>"; };
		5BA66E5E2BEBFE4000014946 /* FeedItemMapper.swift */ = {isa = PBXFileReference; lastKnownFileType = sourcecode.swift; path = FeedItemMapper.swift; sourceTree = "<group>"; };
		5BA66E612BEF746D00014946 /* URLSessionHTTPClientTest.swift */ = {isa = PBXFileReference; lastKnownFileType = sourcecode.swift; path = URLSessionHTTPClientTest.swift; sourceTree = "<group>"; };
		5BA66E642BEFE2C000014946 /* XCTestCase+MemoryLeakTracking.swift */ = {isa = PBXFileReference; lastKnownFileType = sourcecode.swift; path = "XCTestCase+MemoryLeakTracking.swift"; sourceTree = "<group>"; };
		5BA66E662BEFFF0C00014946 /* URLSessionHTTPClient.swift */ = {isa = PBXFileReference; lastKnownFileType = sourcecode.swift; path = URLSessionHTTPClient.swift; sourceTree = "<group>"; };
		5BA66E6E2BF0C77D00014946 /* EssentialFeedAPIEndToEndTests.xctest */ = {isa = PBXFileReference; explicitFileType = wrapper.cfbundle; includeInIndex = 0; path = EssentialFeedAPIEndToEndTests.xctest; sourceTree = BUILT_PRODUCTS_DIR; };
		5BA66E702BF0C77D00014946 /* EssentialFeedAPIEndToEndTests.swift */ = {isa = PBXFileReference; lastKnownFileType = sourcecode.swift; path = EssentialFeedAPIEndToEndTests.swift; sourceTree = "<group>"; };
		5BA66E7F2BF65F0500014946 /* CacheFeedUseCaseTests.swift */ = {isa = PBXFileReference; lastKnownFileType = sourcecode.swift; path = CacheFeedUseCaseTests.swift; sourceTree = "<group>"; };
		5BA66E822BF6828700014946 /* LocalFeedLoader.swift */ = {isa = PBXFileReference; lastKnownFileType = sourcecode.swift; path = LocalFeedLoader.swift; sourceTree = "<group>"; };
		5BA66E842BF6830400014946 /* FeedStore.swift */ = {isa = PBXFileReference; lastKnownFileType = sourcecode.swift; path = FeedStore.swift; sourceTree = "<group>"; };
		5BA66E882BF769A300014946 /* LocalFeedImage.swift */ = {isa = PBXFileReference; lastKnownFileType = sourcecode.swift; path = LocalFeedImage.swift; sourceTree = "<group>"; };
		5BA66E8A2BF7969D00014946 /* LoadFeedFromCacheUseCaseTests.swift */ = {isa = PBXFileReference; lastKnownFileType = sourcecode.swift; path = LoadFeedFromCacheUseCaseTests.swift; sourceTree = "<group>"; };
		5BA66E8D2BF7981F00014946 /* FeedStoreSpy.swift */ = {isa = PBXFileReference; lastKnownFileType = sourcecode.swift; path = FeedStoreSpy.swift; sourceTree = "<group>"; };
		5BA66E8F2BF9F93000014946 /* ValidateFeedCacheUseCaseTests.swift */ = {isa = PBXFileReference; lastKnownFileType = sourcecode.swift; path = ValidateFeedCacheUseCaseTests.swift; sourceTree = "<group>"; };
		5BA66E912BF9FD6E00014946 /* FeedCacheTestHelpers.swift */ = {isa = PBXFileReference; lastKnownFileType = sourcecode.swift; path = FeedCacheTestHelpers.swift; sourceTree = "<group>"; };
		5BA66E942BF9FE1D00014946 /* SharedTestHelpers.swift */ = {isa = PBXFileReference; lastKnownFileType = sourcecode.swift; path = SharedTestHelpers.swift; sourceTree = "<group>"; };
		5BA66E962BFA6E8700014946 /* FeedCachePolicy.swift */ = {isa = PBXFileReference; lastKnownFileType = sourcecode.swift; path = FeedCachePolicy.swift; sourceTree = "<group>"; };
		5BA66E9C2BFE3FDE00014946 /* FeedStoreSpecs.swift */ = {isa = PBXFileReference; lastKnownFileType = sourcecode.swift; path = FeedStoreSpecs.swift; sourceTree = "<group>"; };
		5BA66E9E2BFE609300014946 /* XCTest+FeedStoreSpecs.swift */ = {isa = PBXFileReference; lastKnownFileType = sourcecode.swift; path = "XCTest+FeedStoreSpecs.swift"; sourceTree = "<group>"; };
		5BA66EA02BFE65CC00014946 /* XCTest+FailableRetrieveFeedStoreSpecs.swift */ = {isa = PBXFileReference; lastKnownFileType = sourcecode.swift; path = "XCTest+FailableRetrieveFeedStoreSpecs.swift"; sourceTree = "<group>"; };
		5BA66EA22BFE66C900014946 /* XCTest+FailableInsertFeedStoreSpecs.swift */ = {isa = PBXFileReference; lastKnownFileType = sourcecode.swift; path = "XCTest+FailableInsertFeedStoreSpecs.swift"; sourceTree = "<group>"; };
		5BA66EA42BFE677000014946 /* XCTest+FailableDeleteFeedStoreSpecs.swift */ = {isa = PBXFileReference; lastKnownFileType = sourcecode.swift; path = "XCTest+FailableDeleteFeedStoreSpecs.swift"; sourceTree = "<group>"; };
		5BA66EA72BFF461E00014946 /* CoreDataFeedStoreTests.swift */ = {isa = PBXFileReference; lastKnownFileType = sourcecode.swift; path = CoreDataFeedStoreTests.swift; sourceTree = "<group>"; };
		5BA66EA92BFF46E400014946 /* CoreDataFeedStore.swift */ = {isa = PBXFileReference; lastKnownFileType = sourcecode.swift; path = CoreDataFeedStore.swift; sourceTree = "<group>"; };
		5BA66EAC2BFF47DA00014946 /* FeedStore.xcdatamodel */ = {isa = PBXFileReference; lastKnownFileType = wrapper.xcdatamodel; path = FeedStore.xcdatamodel; sourceTree = "<group>"; };
		5BA66EAF2BFF9AD300014946 /* CoreDataHelpers.swift */ = {isa = PBXFileReference; lastKnownFileType = sourcecode.swift; path = CoreDataHelpers.swift; sourceTree = "<group>"; };
		5BA66EB42BFF9B8600014946 /* ManagedCache.swift */ = {isa = PBXFileReference; lastKnownFileType = sourcecode.swift; path = ManagedCache.swift; sourceTree = "<group>"; };
		5BA66EB62BFF9BB500014946 /* ManagedFeedImage.swift */ = {isa = PBXFileReference; lastKnownFileType = sourcecode.swift; path = ManagedFeedImage.swift; sourceTree = "<group>"; };
		5BA66EBC2BFF9E1A00014946 /* EssentialFeedCacheIntegrationTests.xctest */ = {isa = PBXFileReference; explicitFileType = wrapper.cfbundle; includeInIndex = 0; path = EssentialFeedCacheIntegrationTests.xctest; sourceTree = BUILT_PRODUCTS_DIR; };
		5BA66EBE2BFF9E1A00014946 /* EssentialFeedCacheIntegrationTests.swift */ = {isa = PBXFileReference; lastKnownFileType = sourcecode.swift; path = EssentialFeedCacheIntegrationTests.swift; sourceTree = "<group>"; };
		5BC8991A2C4EA9AC00F7D31A /* FeedSnapshotTests.swift */ = {isa = PBXFileReference; lastKnownFileType = sourcecode.swift; name = FeedSnapshotTests.swift; path = EssentialFeediOSTests/FeedSnapshotTests.swift; sourceTree = SOURCE_ROOT; };
		5BC8991F2C4EB41900F7D31A /* UIImage+TestHelpers.swift */ = {isa = PBXFileReference; fileEncoding = 4; lastKnownFileType = sourcecode.swift; path = "UIImage+TestHelpers.swift"; sourceTree = "<group>"; };
		5BC899212C4EB42600F7D31A /* FeedViewController+FakeRefreshControl.swift */ = {isa = PBXFileReference; lastKnownFileType = sourcecode.swift; name = "FeedViewController+FakeRefreshControl.swift"; path = "../../../EssentialApp/EssentialAppTests/Helpers/FeedViewController+FakeRefreshControl.swift"; sourceTree = "<group>"; };
		5BC899252C4EB49000F7D31A /* FakeRefreshControl.swift */ = {isa = PBXFileReference; lastKnownFileType = sourcecode.swift; name = FakeRefreshControl.swift; path = ../../../EssentialApp/EssentialAppTests/Helpers/FakeRefreshControl.swift; sourceTree = "<group>"; };
		5BC899292C515B4700F7D31A /* UITableView+HeaderSizing.swift */ = {isa = PBXFileReference; lastKnownFileType = sourcecode.swift; path = "UITableView+HeaderSizing.swift"; sourceTree = "<group>"; };
		5BC8992D2C51686A00F7D31A /* UIViewController+Snapshot.swift */ = {isa = PBXFileReference; lastKnownFileType = sourcecode.swift; path = "UIViewController+Snapshot.swift"; sourceTree = "<group>"; };
		5BC8992F2C5168CA00F7D31A /* XCTestCase+Snapshot.swift */ = {isa = PBXFileReference; lastKnownFileType = sourcecode.swift; path = "XCTestCase+Snapshot.swift"; sourceTree = "<group>"; };
		5BC8993B2C5393A500F7D31A /* ImageCommentsMapper.swift */ = {isa = PBXFileReference; lastKnownFileType = sourcecode.swift; path = ImageCommentsMapper.swift; sourceTree = "<group>"; };
		5BC8993E2C53981F00F7D31A /* ImageComment.swift */ = {isa = PBXFileReference; lastKnownFileType = sourcecode.swift; path = ImageComment.swift; sourceTree = "<group>"; };
		5BC8994C2C541B2200F7D31A /* ImageCommentsMapperTests.swift */ = {isa = PBXFileReference; fileEncoding = 4; lastKnownFileType = sourcecode.swift; path = ImageCommentsMapperTests.swift; sourceTree = "<group>"; };
		5BFDAD442C203227008CEF26 /* ErrorView.swift */ = {isa = PBXFileReference; lastKnownFileType = sourcecode.swift; path = ErrorView.swift; sourceTree = "<group>"; };
		5BFDAD492C203770008CEF26 /* UIRefreshControl+Helpers.swift */ = {isa = PBXFileReference; lastKnownFileType = sourcecode.swift; path = "UIRefreshControl+Helpers.swift"; sourceTree = "<group>"; };
		5BFDAD4C2C203E6B008CEF26 /* FeedPresenterTests.swift */ = {isa = PBXFileReference; lastKnownFileType = sourcecode.swift; path = FeedPresenterTests.swift; sourceTree = "<group>"; };
		5BFDAD4F2C220C6B008CEF26 /* en */ = {isa = PBXFileReference; lastKnownFileType = text.plist.strings; name = en; path = en.lproj/Feed.strings; sourceTree = "<group>"; };
		5BFDAD512C220C71008CEF26 /* el */ = {isa = PBXFileReference; lastKnownFileType = text.plist.strings; name = el; path = el.lproj/Feed.strings; sourceTree = "<group>"; };
		5BFDAD522C220C73008CEF26 /* pt-BR */ = {isa = PBXFileReference; lastKnownFileType = text.plist.strings; name = "pt-BR"; path = "pt-BR.lproj/Feed.strings"; sourceTree = "<group>"; };
		5BFDAD542C220DE1008CEF26 /* FeedPresenter.swift */ = {isa = PBXFileReference; lastKnownFileType = sourcecode.swift; path = FeedPresenter.swift; sourceTree = "<group>"; };
		5BFDAD572C22102A008CEF26 /* FeedViewModel.swift */ = {isa = PBXFileReference; lastKnownFileType = sourcecode.swift; path = FeedViewModel.swift; sourceTree = "<group>"; };
		5BFDAD592C221049008CEF26 /* FeedLoadingViewModel.swift */ = {isa = PBXFileReference; lastKnownFileType = sourcecode.swift; path = FeedLoadingViewModel.swift; sourceTree = "<group>"; };
		5BFDAD5B2C22105E008CEF26 /* FeedErrorViewModel.swift */ = {isa = PBXFileReference; lastKnownFileType = sourcecode.swift; path = FeedErrorViewModel.swift; sourceTree = "<group>"; };
		5BFDAD5E2C230EAC008CEF26 /* FeedImagePresenterTests.swift */ = {isa = PBXFileReference; lastKnownFileType = sourcecode.swift; path = FeedImagePresenterTests.swift; sourceTree = "<group>"; };
		5BFDAD602C2314A1008CEF26 /* FeedImagePresenter.swift */ = {isa = PBXFileReference; lastKnownFileType = sourcecode.swift; path = FeedImagePresenter.swift; sourceTree = "<group>"; };
		5BFDAD622C231531008CEF26 /* FeedImageViewModel.swift */ = {isa = PBXFileReference; lastKnownFileType = sourcecode.swift; path = FeedImageViewModel.swift; sourceTree = "<group>"; };
		5BFDAD652C2EF6B2008CEF26 /* LoadFeedImageDataFromRemoteUseCaseTests.swift */ = {isa = PBXFileReference; lastKnownFileType = sourcecode.swift; path = LoadFeedImageDataFromRemoteUseCaseTests.swift; sourceTree = "<group>"; };
		5BFDAD672C2F0425008CEF26 /* HTTPClientSpy.swift */ = {isa = PBXFileReference; lastKnownFileType = sourcecode.swift; path = HTTPClientSpy.swift; sourceTree = "<group>"; };
		5BFDAD692C2F0482008CEF26 /* RemoteFeedImageDataLoader.swift */ = {isa = PBXFileReference; lastKnownFileType = sourcecode.swift; path = RemoteFeedImageDataLoader.swift; sourceTree = "<group>"; };
		5BFDAD6C2C2F0CCD008CEF26 /* HTTPURLResponse+StatusCode.swift */ = {isa = PBXFileReference; lastKnownFileType = sourcecode.swift; path = "HTTPURLResponse+StatusCode.swift"; sourceTree = "<group>"; };
		5BFDAD6E2C2F0D47008CEF26 /* URLProtocolStub.swift */ = {isa = PBXFileReference; lastKnownFileType = sourcecode.swift; path = URLProtocolStub.swift; sourceTree = "<group>"; };
		5BFDAD702C354FEE008CEF26 /* LoadFeedImageDataFromCacheUseCaseTests.swift */ = {isa = PBXFileReference; lastKnownFileType = sourcecode.swift; path = LoadFeedImageDataFromCacheUseCaseTests.swift; sourceTree = "<group>"; };
		5BFDAD722C355B94008CEF26 /* FeedImageDataStore.swift */ = {isa = PBXFileReference; lastKnownFileType = sourcecode.swift; path = FeedImageDataStore.swift; sourceTree = "<group>"; };
		5BFDAD742C355BBB008CEF26 /* LocalFeedImageDataLoader.swift */ = {isa = PBXFileReference; lastKnownFileType = sourcecode.swift; path = LocalFeedImageDataLoader.swift; sourceTree = "<group>"; };
		5BFDAD762C35B2FB008CEF26 /* FeedImageDataStoreSpy.swift */ = {isa = PBXFileReference; lastKnownFileType = sourcecode.swift; path = FeedImageDataStoreSpy.swift; sourceTree = "<group>"; };
		5BFDAD782C35B5EC008CEF26 /* CacheFeedImageDataUseCaseTests.swift */ = {isa = PBXFileReference; lastKnownFileType = sourcecode.swift; path = CacheFeedImageDataUseCaseTests.swift; sourceTree = "<group>"; };
		5BFDAD7A2C35BD57008CEF26 /* CoreDataFeedImageDataStoreTests.swift */ = {isa = PBXFileReference; lastKnownFileType = sourcecode.swift; path = CoreDataFeedImageDataStoreTests.swift; sourceTree = "<group>"; };
		5BFDAD7C2C35BF66008CEF26 /* FeedStore2.xcdatamodel */ = {isa = PBXFileReference; lastKnownFileType = wrapper.xcdatamodel; path = FeedStore2.xcdatamodel; sourceTree = "<group>"; };
		5BFDAD7E2C35C084008CEF26 /* CoreDataFeedStore+FeedImageDataLoader.swift */ = {isa = PBXFileReference; lastKnownFileType = sourcecode.swift; path = "CoreDataFeedStore+FeedImageDataLoader.swift"; sourceTree = "<group>"; };
		5BFDAD802C35C6A3008CEF26 /* CoreDataFeedStore+FeedStore.swift */ = {isa = PBXFileReference; lastKnownFileType = sourcecode.swift; path = "CoreDataFeedStore+FeedStore.swift"; sourceTree = "<group>"; };
/* End PBXFileReference section */

/* Begin PBXFrameworksBuildPhase section */
		5B1E01BE2C0DBE2A00FC9F0F /* Frameworks */ = {
			isa = PBXFrameworksBuildPhase;
			buildActionMask = 2147483647;
			files = (
				5B1E01DD2C0E000000FC9F0F /* EssentialFeed.framework in Frameworks */,
			);
			runOnlyForDeploymentPostprocessing = 0;
		};
		5B1E01C72C0DBE2B00FC9F0F /* Frameworks */ = {
			isa = PBXFrameworksBuildPhase;
			buildActionMask = 2147483647;
			files = (
				5B1E01CB2C0DBE2B00FC9F0F /* EssentialFeediOS.framework in Frameworks */,
			);
			runOnlyForDeploymentPostprocessing = 0;
		};
		5BA66E352BE7700000014946 /* Frameworks */ = {
			isa = PBXFrameworksBuildPhase;
			buildActionMask = 2147483647;
			files = (
			);
			runOnlyForDeploymentPostprocessing = 0;
		};
		5BA66E3F2BE7700100014946 /* Frameworks */ = {
			isa = PBXFrameworksBuildPhase;
			buildActionMask = 2147483647;
			files = (
				5BA66E432BE7700100014946 /* EssentialFeed.framework in Frameworks */,
			);
			runOnlyForDeploymentPostprocessing = 0;
		};
		5BA66E6B2BF0C77D00014946 /* Frameworks */ = {
			isa = PBXFrameworksBuildPhase;
			buildActionMask = 2147483647;
			files = (
				5BA66E722BF0C77D00014946 /* EssentialFeed.framework in Frameworks */,
			);
			runOnlyForDeploymentPostprocessing = 0;
		};
		5BA66EB92BFF9E1A00014946 /* Frameworks */ = {
			isa = PBXFrameworksBuildPhase;
			buildActionMask = 2147483647;
			files = (
				5BA66EC02BFF9E1A00014946 /* EssentialFeed.framework in Frameworks */,
			);
			runOnlyForDeploymentPostprocessing = 0;
		};
/* End PBXFrameworksBuildPhase section */

/* Begin PBXGroup section */
		5B1E01C22C0DBE2A00FC9F0F /* EssentialFeediOS */ = {
			isa = PBXGroup;
			children = (
				5B1E01EC2C135ABB00FC9F0F /* FeedUI */,
			);
			path = EssentialFeediOS;
			sourceTree = "<group>";
		};
		5B1E01DC2C0E000000FC9F0F /* Frameworks */ = {
			isa = PBXGroup;
			children = (
			);
			name = Frameworks;
			sourceTree = "<group>";
		};
		5B1E01EC2C135ABB00FC9F0F /* FeedUI */ = {
			isa = PBXGroup;
			children = (
				5B1E01EE2C135ACA00FC9F0F /* Views */,
				5B1E01ED2C135AC300FC9F0F /* Controllers */,
			);
			path = FeedUI;
			sourceTree = "<group>";
		};
		5B1E01ED2C135AC300FC9F0F /* Controllers */ = {
			isa = PBXGroup;
			children = (
				5B1E01E32C0E575B00FC9F0F /* FeedViewController.swift */,
				5B1E01F12C13657C00FC9F0F /* FeedImageCellController.swift */,
			);
			path = Controllers;
			sourceTree = "<group>";
		};
		5B1E01EE2C135ACA00FC9F0F /* Views */ = {
			isa = PBXGroup;
			children = (
				5BFDAD462C2036A4008CEF26 /* Helpers */,
				5B1E02042C15A84800FC9F0F /* Feed.storyboard */,
				5B1E01E52C10C15300FC9F0F /* FeedImageCell.swift */,
				5B1E02062C15A8DC00FC9F0F /* Feed.xcassets */,
				5BFDAD442C203227008CEF26 /* ErrorView.swift */,
			);
			path = Views;
			sourceTree = "<group>";
		};
		5BA66E2E2BE7700000014946 = {
			isa = PBXGroup;
			children = (
				5BC899192C4EA96900F7D31A /* EssentialFeediOSTests */,
				5BA66E3A2BE7700000014946 /* EssentialFeed */,
				5BA66E462BE7700100014946 /* EssentialFeedTests */,
				5BA66E6F2BF0C77D00014946 /* EssentialFeedAPIEndToEndTests */,
				5BA66EBD2BFF9E1A00014946 /* EssentialFeedCacheIntegrationTests */,
				5B1E01C22C0DBE2A00FC9F0F /* EssentialFeediOS */,
				5BA66E392BE7700000014946 /* Products */,
				5B1E01DC2C0E000000FC9F0F /* Frameworks */,
			);
			sourceTree = "<group>";
		};
		5BA66E392BE7700000014946 /* Products */ = {
			isa = PBXGroup;
			children = (
				5BA66E382BE7700000014946 /* EssentialFeed.framework */,
				5BA66E422BE7700100014946 /* EssentialFeedTests.xctest */,
				5BA66E6E2BF0C77D00014946 /* EssentialFeedAPIEndToEndTests.xctest */,
				5BA66EBC2BFF9E1A00014946 /* EssentialFeedCacheIntegrationTests.xctest */,
				5B1E01C12C0DBE2A00FC9F0F /* EssentialFeediOS.framework */,
				5B1E01CA2C0DBE2B00FC9F0F /* EssentialFeediOSTests.xctest */,
			);
			name = Products;
			sourceTree = "<group>";
		};
		5BA66E3A2BE7700000014946 /* EssentialFeed */ = {
			isa = PBXGroup;
			children = (
				5BC899402C53A11100F7D31A /* SharedAPI */,
				5BC899412C53A15D00F7D31A /* SharedAPIInfra */,
				5BC8993D2C53981100F7D31A /* ImageCommentFeature */,
				5BC899462C53A72C00F7D31A /* ImageCommentsAPI */,
				5BFDAD532C220DC4008CEF26 /* FeedPresentation */,
				5BA66E812BF6827200014946 /* Feed Cache */,
				5BA66E592BE78A5300014946 /* Feed API */,
				5BA66E3B2BE7700000014946 /* EssentialFeed.h */,
				5BA66E3C2BE7700000014946 /* EssentialFeed.docc */,
				5BA66E562BE7721B00014946 /* Feed Feature */,
			);
			path = EssentialFeed;
			sourceTree = "<group>";
		};
		5BA66E462BE7700100014946 /* EssentialFeedTests */ = {
			isa = PBXGroup;
			children = (
				5BC899472C53A76100F7D31A /* ImageCommentsAPI */,
				5BC899442C53A1CC00F7D31A /* SharedAPIInfra */,
				5BC899422C53A18100F7D31A /* SharedAPI */,
				5BFDAD4B2C203E52008CEF26 /* FeedPresentation */,
				5BA66E7E2BF65EC800014946 /* Feed Cache */,
				5BA66E602BEC060500014946 /* Feed API */,
				5BA66E632BEFE2A000014946 /* Helpers */,
			);
			path = EssentialFeedTests;
			sourceTree = "<group>";
		};
		5BA66E562BE7721B00014946 /* Feed Feature */ = {
			isa = PBXGroup;
			children = (
				5BA66E522BE7701D00014946 /* FeedImage.swift */,
				5B1E01EA2C135AA100FC9F0F /* FeedImageDataLoader.swift */,
				5B1236742C44423400B17B15 /* FeedCache.swift */,
				5B12367E2C4447B800B17B15 /* FeedImageDataCache.swift */,
			);
			path = "Feed Feature";
			sourceTree = "<group>";
		};
		5BA66E592BE78A5300014946 /* Feed API */ = {
			isa = PBXGroup;
			children = (
				5BFDAD6B2C2F0CBB008CEF26 /* Helpers */,
				5BA66E5E2BEBFE4000014946 /* FeedItemMapper.swift */,
				5BFDAD692C2F0482008CEF26 /* RemoteFeedImageDataLoader.swift */,
			);
			path = "Feed API";
			sourceTree = "<group>";
		};
		5BA66E602BEC060500014946 /* Feed API */ = {
			isa = PBXGroup;
			children = (
				5BA66E572BE775CA00014946 /* FeedItemMapperTests.swift */,
				5BA66E612BEF746D00014946 /* URLSessionHTTPClientTest.swift */,
				5BFDAD652C2EF6B2008CEF26 /* LoadFeedImageDataFromRemoteUseCaseTests.swift */,
			);
			path = "Feed API";
			sourceTree = "<group>";
		};
		5BA66E632BEFE2A000014946 /* Helpers */ = {
			isa = PBXGroup;
			children = (
				5BA66E642BEFE2C000014946 /* XCTestCase+MemoryLeakTracking.swift */,
				5BA66E942BF9FE1D00014946 /* SharedTestHelpers.swift */,
			);
			path = Helpers;
			sourceTree = "<group>";
		};
		5BA66E6F2BF0C77D00014946 /* EssentialFeedAPIEndToEndTests */ = {
			isa = PBXGroup;
			children = (
				5BA66E702BF0C77D00014946 /* EssentialFeedAPIEndToEndTests.swift */,
			);
			path = EssentialFeedAPIEndToEndTests;
			sourceTree = "<group>";
		};
		5BA66E7E2BF65EC800014946 /* Feed Cache */ = {
			isa = PBXGroup;
			children = (
				5BA66EA62BFE680800014946 /* FeedStoreSpecs */,
				5BA66E8C2BF7980700014946 /* Helpers */,
				5BA66E7F2BF65F0500014946 /* CacheFeedUseCaseTests.swift */,
				5BA66E8A2BF7969D00014946 /* LoadFeedFromCacheUseCaseTests.swift */,
				5BA66E8F2BF9F93000014946 /* ValidateFeedCacheUseCaseTests.swift */,
				5BA66EA72BFF461E00014946 /* CoreDataFeedStoreTests.swift */,
				5BFDAD702C354FEE008CEF26 /* LoadFeedImageDataFromCacheUseCaseTests.swift */,
				5BFDAD782C35B5EC008CEF26 /* CacheFeedImageDataUseCaseTests.swift */,
				5BFDAD7A2C35BD57008CEF26 /* CoreDataFeedImageDataStoreTests.swift */,
			);
			path = "Feed Cache";
			sourceTree = "<group>";
		};
		5BA66E812BF6827200014946 /* Feed Cache */ = {
			isa = PBXGroup;
			children = (
				5BA66EAE2BFF9A1900014946 /* Infrastructure */,
				5BA66E822BF6828700014946 /* LocalFeedLoader.swift */,
				5BA66E842BF6830400014946 /* FeedStore.swift */,
				5BA66E882BF769A300014946 /* LocalFeedImage.swift */,
				5BA66E962BFA6E8700014946 /* FeedCachePolicy.swift */,
				5BFDAD722C355B94008CEF26 /* FeedImageDataStore.swift */,
				5BFDAD742C355BBB008CEF26 /* LocalFeedImageDataLoader.swift */,
			);
			path = "Feed Cache";
			sourceTree = "<group>";
		};
		5BA66E8C2BF7980700014946 /* Helpers */ = {
			isa = PBXGroup;
			children = (
				5BA66E8D2BF7981F00014946 /* FeedStoreSpy.swift */,
				5BA66E912BF9FD6E00014946 /* FeedCacheTestHelpers.swift */,
				5BFDAD762C35B2FB008CEF26 /* FeedImageDataStoreSpy.swift */,
			);
			path = Helpers;
			sourceTree = "<group>";
		};
		5BA66EA62BFE680800014946 /* FeedStoreSpecs */ = {
			isa = PBXGroup;
			children = (
				5BA66E9C2BFE3FDE00014946 /* FeedStoreSpecs.swift */,
				5BA66E9E2BFE609300014946 /* XCTest+FeedStoreSpecs.swift */,
				5BA66EA02BFE65CC00014946 /* XCTest+FailableRetrieveFeedStoreSpecs.swift */,
				5BA66EA22BFE66C900014946 /* XCTest+FailableInsertFeedStoreSpecs.swift */,
				5BA66EA42BFE677000014946 /* XCTest+FailableDeleteFeedStoreSpecs.swift */,
			);
			path = FeedStoreSpecs;
			sourceTree = "<group>";
		};
		5BA66EAE2BFF9A1900014946 /* Infrastructure */ = {
			isa = PBXGroup;
			children = (
				5BFDAD7D2C35C068008CEF26 /* CoreData */,
				5BA66EAB2BFF47DA00014946 /* FeedStore.xcdatamodeld */,
				5BA66EAF2BFF9AD300014946 /* CoreDataHelpers.swift */,
				5BA66EB42BFF9B8600014946 /* ManagedCache.swift */,
				5BA66EB62BFF9BB500014946 /* ManagedFeedImage.swift */,
			);
			path = Infrastructure;
			sourceTree = "<group>";
		};
		5BA66EBD2BFF9E1A00014946 /* EssentialFeedCacheIntegrationTests */ = {
			isa = PBXGroup;
			children = (
				5BA66EBE2BFF9E1A00014946 /* EssentialFeedCacheIntegrationTests.swift */,
			);
			path = EssentialFeedCacheIntegrationTests;
			sourceTree = "<group>";
		};
		5BC899192C4EA96900F7D31A /* EssentialFeediOSTests */ = {
			isa = PBXGroup;
			children = (
				5BC8991E2C4EB3F200F7D31A /* Helpers */,
				5BC8991A2C4EA9AC00F7D31A /* FeedSnapshotTests.swift */,
			);
			path = EssentialFeediOSTests;
			sourceTree = "<group>";
		};
		5BC8991E2C4EB3F200F7D31A /* Helpers */ = {
			isa = PBXGroup;
			children = (
				5BC8991F2C4EB41900F7D31A /* UIImage+TestHelpers.swift */,
				5BC899212C4EB42600F7D31A /* FeedViewController+FakeRefreshControl.swift */,
				5BC899252C4EB49000F7D31A /* FakeRefreshControl.swift */,
				5BC8992D2C51686A00F7D31A /* UIViewController+Snapshot.swift */,
				5BC8992F2C5168CA00F7D31A /* XCTestCase+Snapshot.swift */,
			);
			path = Helpers;
			sourceTree = "<group>";
		};
		5BC8993D2C53981100F7D31A /* ImageCommentFeature */ = {
			isa = PBXGroup;
			children = (
				5BC8993E2C53981F00F7D31A /* ImageComment.swift */,
			);
			path = ImageCommentFeature;
			sourceTree = "<group>";
		};
		5BC899402C53A11100F7D31A /* SharedAPI */ = {
			isa = PBXGroup;
			children = (
				5BA66E5C2BEBFDE900014946 /* HTTPClient.swift */,
			);
			path = SharedAPI;
			sourceTree = "<group>";
		};
		5BC899412C53A15D00F7D31A /* SharedAPIInfra */ = {
			isa = PBXGroup;
			children = (
				5BA66E662BEFFF0C00014946 /* URLSessionHTTPClient.swift */,
			);
			path = SharedAPIInfra;
			sourceTree = "<group>";
		};
		5BC899422C53A18100F7D31A /* SharedAPI */ = {
			isa = PBXGroup;
			children = (
				5BC899432C53A1BC00F7D31A /* Helpers */,
			);
			path = SharedAPI;
			sourceTree = "<group>";
		};
		5BC899432C53A1BC00F7D31A /* Helpers */ = {
			isa = PBXGroup;
			children = (
				5BFDAD672C2F0425008CEF26 /* HTTPClientSpy.swift */,
			);
			path = Helpers;
			sourceTree = "<group>";
		};
		5BC899442C53A1CC00F7D31A /* SharedAPIInfra */ = {
			isa = PBXGroup;
			children = (
				5BC899452C53A1DB00F7D31A /* Helpers */,
			);
			path = SharedAPIInfra;
			sourceTree = "<group>";
		};
		5BC899452C53A1DB00F7D31A /* Helpers */ = {
			isa = PBXGroup;
			children = (
				5BFDAD6E2C2F0D47008CEF26 /* URLProtocolStub.swift */,
			);
			path = Helpers;
			sourceTree = "<group>";
		};
		5BC899462C53A72C00F7D31A /* ImageCommentsAPI */ = {
			isa = PBXGroup;
			children = (
				5BC8993B2C5393A500F7D31A /* ImageCommentsMapper.swift */,
			);
			path = ImageCommentsAPI;
			sourceTree = "<group>";
		};
		5BC899472C53A76100F7D31A /* ImageCommentsAPI */ = {
			isa = PBXGroup;
			children = (
				5BC8994C2C541B2200F7D31A /* ImageCommentsMapperTests.swift */,
			);
			path = ImageCommentsAPI;
			sourceTree = "<group>";
		};
		5BFDAD462C2036A4008CEF26 /* Helpers */ = {
			isa = PBXGroup;
			children = (
				5B1E020A2C15BB9B00FC9F0F /* UIImageView+Animations.swift */,
				5B1E02082C15BA4500FC9F0F /* UITableView+Dequeueing.swift */,
				5B1E01E72C10E26500FC9F0F /* UIView+Shimmering.swift */,
				5BFDAD492C203770008CEF26 /* UIRefreshControl+Helpers.swift */,
				5BC899292C515B4700F7D31A /* UITableView+HeaderSizing.swift */,
			);
			path = Helpers;
			sourceTree = "<group>";
		};
		5BFDAD4B2C203E52008CEF26 /* FeedPresentation */ = {
			isa = PBXGroup;
			children = (
				5BFDAD4C2C203E6B008CEF26 /* FeedPresenterTests.swift */,
				5B1E022D2C16239200FC9F0F /* FeedLocalizationTests.swift */,
				5BFDAD5E2C230EAC008CEF26 /* FeedImagePresenterTests.swift */,
			);
			path = FeedPresentation;
			sourceTree = "<group>";
		};
		5BFDAD532C220DC4008CEF26 /* FeedPresentation */ = {
			isa = PBXGroup;
			children = (
				5BFDAD542C220DE1008CEF26 /* FeedPresenter.swift */,
				5BFDAD4E2C220C6B008CEF26 /* Feed.strings */,
				5BFDAD572C22102A008CEF26 /* FeedViewModel.swift */,
				5BFDAD592C221049008CEF26 /* FeedLoadingViewModel.swift */,
				5BFDAD5B2C22105E008CEF26 /* FeedErrorViewModel.swift */,
				5BFDAD602C2314A1008CEF26 /* FeedImagePresenter.swift */,
				5BFDAD622C231531008CEF26 /* FeedImageViewModel.swift */,
			);
			path = FeedPresentation;
			sourceTree = "<group>";
		};
		5BFDAD6B2C2F0CBB008CEF26 /* Helpers */ = {
			isa = PBXGroup;
			children = (
				5BFDAD6C2C2F0CCD008CEF26 /* HTTPURLResponse+StatusCode.swift */,
			);
			path = Helpers;
			sourceTree = "<group>";
		};
		5BFDAD7D2C35C068008CEF26 /* CoreData */ = {
			isa = PBXGroup;
			children = (
				5BFDAD7E2C35C084008CEF26 /* CoreDataFeedStore+FeedImageDataLoader.swift */,
				5BA66EA92BFF46E400014946 /* CoreDataFeedStore.swift */,
				5BFDAD802C35C6A3008CEF26 /* CoreDataFeedStore+FeedStore.swift */,
			);
			path = CoreData;
			sourceTree = "<group>";
		};
/* End PBXGroup section */

/* Begin PBXHeadersBuildPhase section */
		5B1E01BC2C0DBE2A00FC9F0F /* Headers */ = {
			isa = PBXHeadersBuildPhase;
			buildActionMask = 2147483647;
			files = (
			);
			runOnlyForDeploymentPostprocessing = 0;
		};
		5BA66E332BE7700000014946 /* Headers */ = {
			isa = PBXHeadersBuildPhase;
			buildActionMask = 2147483647;
			files = (
				5BA66E492BE7700100014946 /* EssentialFeed.h in Headers */,
			);
			runOnlyForDeploymentPostprocessing = 0;
		};
/* End PBXHeadersBuildPhase section */

/* Begin PBXNativeTarget section */
		5B1E01C02C0DBE2A00FC9F0F /* EssentialFeediOS */ = {
			isa = PBXNativeTarget;
			buildConfigurationList = 5B1E01D22C0DBE2B00FC9F0F /* Build configuration list for PBXNativeTarget "EssentialFeediOS" */;
			buildPhases = (
				5B1E01BC2C0DBE2A00FC9F0F /* Headers */,
				5B1E01BD2C0DBE2A00FC9F0F /* Sources */,
				5B1E01BE2C0DBE2A00FC9F0F /* Frameworks */,
				5B1E01BF2C0DBE2A00FC9F0F /* Resources */,
				5B1E01E12C0E000000FC9F0F /* Embed Frameworks */,
			);
			buildRules = (
			);
			dependencies = (
				5B1E01E02C0E000000FC9F0F /* PBXTargetDependency */,
			);
			name = EssentialFeediOS;
			productName = EssentialFeediOS;
			productReference = 5B1E01C12C0DBE2A00FC9F0F /* EssentialFeediOS.framework */;
			productType = "com.apple.product-type.framework";
		};
		5B1E01C92C0DBE2B00FC9F0F /* EssentialFeediOSTests */ = {
			isa = PBXNativeTarget;
			buildConfigurationList = 5B1E01D52C0DBE2B00FC9F0F /* Build configuration list for PBXNativeTarget "EssentialFeediOSTests" */;
			buildPhases = (
				5B1E01C62C0DBE2B00FC9F0F /* Sources */,
				5B1E01C72C0DBE2B00FC9F0F /* Frameworks */,
				5B1E01C82C0DBE2B00FC9F0F /* Resources */,
			);
			buildRules = (
			);
			dependencies = (
				5B1E01CD2C0DBE2B00FC9F0F /* PBXTargetDependency */,
			);
			name = EssentialFeediOSTests;
			productName = EssentialFeediOSTests;
			productReference = 5B1E01CA2C0DBE2B00FC9F0F /* EssentialFeediOSTests.xctest */;
			productType = "com.apple.product-type.bundle.unit-test";
		};
		5BA66E372BE7700000014946 /* EssentialFeed */ = {
			isa = PBXNativeTarget;
			buildConfigurationList = 5BA66E4C2BE7700100014946 /* Build configuration list for PBXNativeTarget "EssentialFeed" */;
			buildPhases = (
				5BA66E332BE7700000014946 /* Headers */,
				5BA66E342BE7700000014946 /* Sources */,
				5BA66E352BE7700000014946 /* Frameworks */,
				5BA66E362BE7700000014946 /* Resources */,
			);
			buildRules = (
			);
			dependencies = (
			);
			name = EssentialFeed;
			productName = EssentialFeed;
			productReference = 5BA66E382BE7700000014946 /* EssentialFeed.framework */;
			productType = "com.apple.product-type.framework";
		};
		5BA66E412BE7700100014946 /* EssentialFeedTests */ = {
			isa = PBXNativeTarget;
			buildConfigurationList = 5BA66E4F2BE7700100014946 /* Build configuration list for PBXNativeTarget "EssentialFeedTests" */;
			buildPhases = (
				5BA66E3E2BE7700100014946 /* Sources */,
				5BA66E3F2BE7700100014946 /* Frameworks */,
				5BA66E402BE7700100014946 /* Resources */,
			);
			buildRules = (
			);
			dependencies = (
				5BA66E452BE7700100014946 /* PBXTargetDependency */,
			);
			name = EssentialFeedTests;
			productName = EssentialFeedTests;
			productReference = 5BA66E422BE7700100014946 /* EssentialFeedTests.xctest */;
			productType = "com.apple.product-type.bundle.unit-test";
		};
		5BA66E6D2BF0C77D00014946 /* EssentialFeedAPIEndToEndTests */ = {
			isa = PBXNativeTarget;
			buildConfigurationList = 5BA66E752BF0C77D00014946 /* Build configuration list for PBXNativeTarget "EssentialFeedAPIEndToEndTests" */;
			buildPhases = (
				5BA66E6A2BF0C77D00014946 /* Sources */,
				5BA66E6B2BF0C77D00014946 /* Frameworks */,
				5BA66E6C2BF0C77D00014946 /* Resources */,
			);
			buildRules = (
			);
			dependencies = (
				5BA66E742BF0C77D00014946 /* PBXTargetDependency */,
			);
			name = EssentialFeedAPIEndToEndTests;
			productName = EssentialFeedAPIEndToEndTests;
			productReference = 5BA66E6E2BF0C77D00014946 /* EssentialFeedAPIEndToEndTests.xctest */;
			productType = "com.apple.product-type.bundle.unit-test";
		};
		5BA66EBB2BFF9E1A00014946 /* EssentialFeedCacheIntegrationTests */ = {
			isa = PBXNativeTarget;
			buildConfigurationList = 5BA66EC32BFF9E1A00014946 /* Build configuration list for PBXNativeTarget "EssentialFeedCacheIntegrationTests" */;
			buildPhases = (
				5BA66EB82BFF9E1A00014946 /* Sources */,
				5BA66EB92BFF9E1A00014946 /* Frameworks */,
				5BA66EBA2BFF9E1A00014946 /* Resources */,
			);
			buildRules = (
			);
			dependencies = (
				5BA66EC22BFF9E1A00014946 /* PBXTargetDependency */,
			);
			name = EssentialFeedCacheIntegrationTests;
			productName = EssentialFeedCacheIntegrationTests;
			productReference = 5BA66EBC2BFF9E1A00014946 /* EssentialFeedCacheIntegrationTests.xctest */;
			productType = "com.apple.product-type.bundle.unit-test";
		};
/* End PBXNativeTarget section */

/* Begin PBXProject section */
		5BA66E2F2BE7700000014946 /* Project object */ = {
			isa = PBXProject;
			attributes = {
				BuildIndependentTargetsInParallel = 1;
				LastSwiftUpdateCheck = 1540;
				LastUpgradeCheck = 1540;
				TargetAttributes = {
					5B1E01C02C0DBE2A00FC9F0F = {
						CreatedOnToolsVersion = 15.4;
					};
					5B1E01C92C0DBE2B00FC9F0F = {
						CreatedOnToolsVersion = 15.4;
						LastSwiftMigration = 1540;
					};
					5BA66E372BE7700000014946 = {
						CreatedOnToolsVersion = 15.3;
					};
					5BA66E412BE7700100014946 = {
						CreatedOnToolsVersion = 15.3;
					};
					5BA66E6D2BF0C77D00014946 = {
						CreatedOnToolsVersion = 15.3;
					};
					5BA66EBB2BFF9E1A00014946 = {
						CreatedOnToolsVersion = 15.3;
					};
				};
			};
			buildConfigurationList = 5BA66E322BE7700000014946 /* Build configuration list for PBXProject "EssentialFeed" */;
			compatibilityVersion = "Xcode 14.0";
			developmentRegion = en;
			hasScannedForEncodings = 0;
			knownRegions = (
				en,
				Base,
				"pt-BR",
				el,
			);
			mainGroup = 5BA66E2E2BE7700000014946;
			productRefGroup = 5BA66E392BE7700000014946 /* Products */;
			projectDirPath = "";
			projectRoot = "";
			targets = (
				5BA66E372BE7700000014946 /* EssentialFeed */,
				5BA66E412BE7700100014946 /* EssentialFeedTests */,
				5BA66E6D2BF0C77D00014946 /* EssentialFeedAPIEndToEndTests */,
				5BA66EBB2BFF9E1A00014946 /* EssentialFeedCacheIntegrationTests */,
				5B1E01C02C0DBE2A00FC9F0F /* EssentialFeediOS */,
				5B1E01C92C0DBE2B00FC9F0F /* EssentialFeediOSTests */,
			);
		};
/* End PBXProject section */

/* Begin PBXResourcesBuildPhase section */
		5B1E01BF2C0DBE2A00FC9F0F /* Resources */ = {
			isa = PBXResourcesBuildPhase;
			buildActionMask = 2147483647;
			files = (
				5B1E02052C15A84800FC9F0F /* Feed.storyboard in Resources */,
				5B1E02072C15A8DC00FC9F0F /* Feed.xcassets in Resources */,
			);
			runOnlyForDeploymentPostprocessing = 0;
		};
		5B1E01C82C0DBE2B00FC9F0F /* Resources */ = {
			isa = PBXResourcesBuildPhase;
			buildActionMask = 2147483647;
			files = (
			);
			runOnlyForDeploymentPostprocessing = 0;
		};
		5BA66E362BE7700000014946 /* Resources */ = {
			isa = PBXResourcesBuildPhase;
			buildActionMask = 2147483647;
			files = (
				5BFDAD562C220FD2008CEF26 /* Feed.strings in Resources */,
			);
			runOnlyForDeploymentPostprocessing = 0;
		};
		5BA66E402BE7700100014946 /* Resources */ = {
			isa = PBXResourcesBuildPhase;
			buildActionMask = 2147483647;
			files = (
			);
			runOnlyForDeploymentPostprocessing = 0;
		};
		5BA66E6C2BF0C77D00014946 /* Resources */ = {
			isa = PBXResourcesBuildPhase;
			buildActionMask = 2147483647;
			files = (
			);
			runOnlyForDeploymentPostprocessing = 0;
		};
		5BA66EBA2BFF9E1A00014946 /* Resources */ = {
			isa = PBXResourcesBuildPhase;
			buildActionMask = 2147483647;
			files = (
			);
			runOnlyForDeploymentPostprocessing = 0;
		};
/* End PBXResourcesBuildPhase section */

/* Begin PBXSourcesBuildPhase section */
		5B1E01BD2C0DBE2A00FC9F0F /* Sources */ = {
			isa = PBXSourcesBuildPhase;
			buildActionMask = 2147483647;
			files = (
				5BC8992A2C515B4700F7D31A /* UITableView+HeaderSizing.swift in Sources */,
				5BFDAD452C203227008CEF26 /* ErrorView.swift in Sources */,
				5BFDAD4A2C203770008CEF26 /* UIRefreshControl+Helpers.swift in Sources */,
				5B1E02092C15BA4500FC9F0F /* UITableView+Dequeueing.swift in Sources */,
				5B1E01E42C0E575B00FC9F0F /* FeedViewController.swift in Sources */,
				5B1E020B2C15BB9B00FC9F0F /* UIImageView+Animations.swift in Sources */,
				5B1E01E82C10E26500FC9F0F /* UIView+Shimmering.swift in Sources */,
				5B1E01E62C10C15300FC9F0F /* FeedImageCell.swift in Sources */,
				5B1E01F22C13657C00FC9F0F /* FeedImageCellController.swift in Sources */,
			);
			runOnlyForDeploymentPostprocessing = 0;
		};
		5B1E01C62C0DBE2B00FC9F0F /* Sources */ = {
			isa = PBXSourcesBuildPhase;
			buildActionMask = 2147483647;
			files = (
				5BC8992E2C51686A00F7D31A /* UIViewController+Snapshot.swift in Sources */,
				5BC899302C5168CA00F7D31A /* XCTestCase+Snapshot.swift in Sources */,
				5BC899222C4EB42700F7D31A /* FeedViewController+FakeRefreshControl.swift in Sources */,
				5B1E01E22C0E01D500FC9F0F /* XCTestCase+MemoryLeakTracking.swift in Sources */,
				5BC899262C4EB49000F7D31A /* FakeRefreshControl.swift in Sources */,
				5BC8991B2C4EA9AC00F7D31A /* FeedSnapshotTests.swift in Sources */,
				5BC899202C4EB41900F7D31A /* UIImage+TestHelpers.swift in Sources */,
			);
			runOnlyForDeploymentPostprocessing = 0;
		};
		5BA66E342BE7700000014946 /* Sources */ = {
			isa = PBXSourcesBuildPhase;
			buildActionMask = 2147483647;
			files = (
				5BC8993F2C53981F00F7D31A /* ImageComment.swift in Sources */,
				5BFDAD582C22102A008CEF26 /* FeedViewModel.swift in Sources */,
				5BA66E892BF769A300014946 /* LocalFeedImage.swift in Sources */,
				5BA66EAD2BFF47DA00014946 /* FeedStore.xcdatamodeld in Sources */,
				5BFDAD5C2C22105E008CEF26 /* FeedErrorViewModel.swift in Sources */,
				5BA66E852BF6830400014946 /* FeedStore.swift in Sources */,
				5BA66E672BEFFF0C00014946 /* URLSessionHTTPClient.swift in Sources */,
				5BFDAD612C2314A1008CEF26 /* FeedImagePresenter.swift in Sources */,
				5BFDAD552C220DE1008CEF26 /* FeedPresenter.swift in Sources */,
				5BFDAD5A2C221049008CEF26 /* FeedLoadingViewModel.swift in Sources */,
				5BA66E5D2BEBFDE900014946 /* HTTPClient.swift in Sources */,
				5BA66EB02BFF9AD300014946 /* CoreDataHelpers.swift in Sources */,
				5BFDAD642C2EF449008CEF26 /* FeedImageDataLoader.swift in Sources */,
				5BFDAD812C35C6A3008CEF26 /* CoreDataFeedStore+FeedStore.swift in Sources */,
				5BA66EAA2BFF46E500014946 /* CoreDataFeedStore.swift in Sources */,
				5BA66EB52BFF9B8600014946 /* ManagedCache.swift in Sources */,
				5BFDAD732C355B94008CEF26 /* FeedImageDataStore.swift in Sources */,
				5BFDAD6D2C2F0CCD008CEF26 /* HTTPURLResponse+StatusCode.swift in Sources */,
				5B1236752C44423400B17B15 /* FeedCache.swift in Sources */,
				5BFDAD7F2C35C084008CEF26 /* CoreDataFeedStore+FeedImageDataLoader.swift in Sources */,
				5BA66E5F2BEBFE4000014946 /* FeedItemMapper.swift in Sources */,
				5BC8993C2C5393A500F7D31A /* ImageCommentsMapper.swift in Sources */,
				5BA66E972BFA6E8700014946 /* FeedCachePolicy.swift in Sources */,
				5B12367F2C4447B800B17B15 /* FeedImageDataCache.swift in Sources */,
				5BA66E532BE7701D00014946 /* FeedImage.swift in Sources */,
				5BFDAD632C231531008CEF26 /* FeedImageViewModel.swift in Sources */,
				5BFDAD6A2C2F0482008CEF26 /* RemoteFeedImageDataLoader.swift in Sources */,
				5BFDAD752C355BBB008CEF26 /* LocalFeedImageDataLoader.swift in Sources */,
				5BA66EB72BFF9BB500014946 /* ManagedFeedImage.swift in Sources */,
				5BA66E832BF6828700014946 /* LocalFeedLoader.swift in Sources */,
				5BA66E3D2BE7700000014946 /* EssentialFeed.docc in Sources */,
			);
			runOnlyForDeploymentPostprocessing = 0;
		};
		5BA66E3E2BE7700100014946 /* Sources */ = {
			isa = PBXSourcesBuildPhase;
			buildActionMask = 2147483647;
			files = (
				5BA66E922BF9FD6E00014946 /* FeedCacheTestHelpers.swift in Sources */,
				5BC8994D2C541B2200F7D31A /* ImageCommentsMapperTests.swift in Sources */,
				5BFDAD6F2C2F0D47008CEF26 /* URLProtocolStub.swift in Sources */,
				5BA66E902BF9F93000014946 /* ValidateFeedCacheUseCaseTests.swift in Sources */,
				5BFDAD4D2C203E6B008CEF26 /* FeedPresenterTests.swift in Sources */,
				5BFDAD662C2EF6B2008CEF26 /* LoadFeedImageDataFromRemoteUseCaseTests.swift in Sources */,
				5BA66E9F2BFE609300014946 /* XCTest+FeedStoreSpecs.swift in Sources */,
				5BFDAD5F2C230EAC008CEF26 /* FeedImagePresenterTests.swift in Sources */,
				5BA66E582BE775CA00014946 /* FeedItemMapperTests.swift in Sources */,
				5BFDAD792C35B5EC008CEF26 /* CacheFeedImageDataUseCaseTests.swift in Sources */,
				5BFDAD5D2C221246008CEF26 /* FeedLocalizationTests.swift in Sources */,
				5BA66E622BEF746D00014946 /* URLSessionHTTPClientTest.swift in Sources */,
				5BFDAD712C354FEE008CEF26 /* LoadFeedImageDataFromCacheUseCaseTests.swift in Sources */,
				5BFDAD682C2F0425008CEF26 /* HTTPClientSpy.swift in Sources */,
				5BA66EA32BFE66C900014946 /* XCTest+FailableInsertFeedStoreSpecs.swift in Sources */,
				5BA66E8E2BF7981F00014946 /* FeedStoreSpy.swift in Sources */,
				5BA66EA12BFE65CC00014946 /* XCTest+FailableRetrieveFeedStoreSpecs.swift in Sources */,
				5BFDAD772C35B2FB008CEF26 /* FeedImageDataStoreSpy.swift in Sources */,
				5BFDAD7B2C35BD57008CEF26 /* CoreDataFeedImageDataStoreTests.swift in Sources */,
				5BA66E952BF9FE1D00014946 /* SharedTestHelpers.swift in Sources */,
				5BA66E802BF65F0500014946 /* CacheFeedUseCaseTests.swift in Sources */,
				5BA66E8B2BF7969D00014946 /* LoadFeedFromCacheUseCaseTests.swift in Sources */,
				5BA66E9D2BFE3FDE00014946 /* FeedStoreSpecs.swift in Sources */,
				5BA66EA52BFE677000014946 /* XCTest+FailableDeleteFeedStoreSpecs.swift in Sources */,
				5BA66EA82BFF461E00014946 /* CoreDataFeedStoreTests.swift in Sources */,
				5BA66E652BEFE2C000014946 /* XCTestCase+MemoryLeakTracking.swift in Sources */,
			);
			runOnlyForDeploymentPostprocessing = 0;
		};
		5BA66E6A2BF0C77D00014946 /* Sources */ = {
			isa = PBXSourcesBuildPhase;
			buildActionMask = 2147483647;
			files = (
				5BA66E712BF0C77D00014946 /* EssentialFeedAPIEndToEndTests.swift in Sources */,
				5BA66E782BF0CCCC00014946 /* XCTestCase+MemoryLeakTracking.swift in Sources */,
			);
			runOnlyForDeploymentPostprocessing = 0;
		};
		5BA66EB82BFF9E1A00014946 /* Sources */ = {
			isa = PBXSourcesBuildPhase;
			buildActionMask = 2147483647;
			files = (
				5BA66EC92BFFA33700014946 /* FeedCacheTestHelpers.swift in Sources */,
				5BA66EBF2BFF9E1A00014946 /* EssentialFeedCacheIntegrationTests.swift in Sources */,
				5BA66EC72BFFA19500014946 /* XCTestCase+MemoryLeakTracking.swift in Sources */,
				5BA66EC82BFFA32900014946 /* SharedTestHelpers.swift in Sources */,
			);
			runOnlyForDeploymentPostprocessing = 0;
		};
/* End PBXSourcesBuildPhase section */

/* Begin PBXTargetDependency section */
		5B1E01CD2C0DBE2B00FC9F0F /* PBXTargetDependency */ = {
			isa = PBXTargetDependency;
			target = 5B1E01C02C0DBE2A00FC9F0F /* EssentialFeediOS */;
			targetProxy = 5B1E01CC2C0DBE2B00FC9F0F /* PBXContainerItemProxy */;
		};
		5B1E01E02C0E000000FC9F0F /* PBXTargetDependency */ = {
			isa = PBXTargetDependency;
			platformFilter = ios;
			target = 5BA66E372BE7700000014946 /* EssentialFeed */;
			targetProxy = 5B1E01DF2C0E000000FC9F0F /* PBXContainerItemProxy */;
		};
		5BA66E452BE7700100014946 /* PBXTargetDependency */ = {
			isa = PBXTargetDependency;
			target = 5BA66E372BE7700000014946 /* EssentialFeed */;
			targetProxy = 5BA66E442BE7700100014946 /* PBXContainerItemProxy */;
		};
		5BA66E742BF0C77D00014946 /* PBXTargetDependency */ = {
			isa = PBXTargetDependency;
			target = 5BA66E372BE7700000014946 /* EssentialFeed */;
			targetProxy = 5BA66E732BF0C77D00014946 /* PBXContainerItemProxy */;
		};
		5BA66EC22BFF9E1A00014946 /* PBXTargetDependency */ = {
			isa = PBXTargetDependency;
			target = 5BA66E372BE7700000014946 /* EssentialFeed */;
			targetProxy = 5BA66EC12BFF9E1A00014946 /* PBXContainerItemProxy */;
		};
/* End PBXTargetDependency section */

/* Begin PBXVariantGroup section */
		5BFDAD4E2C220C6B008CEF26 /* Feed.strings */ = {
			isa = PBXVariantGroup;
			children = (
				5BFDAD4F2C220C6B008CEF26 /* en */,
				5BFDAD512C220C71008CEF26 /* el */,
				5BFDAD522C220C73008CEF26 /* pt-BR */,
			);
			name = Feed.strings;
			sourceTree = "<group>";
		};
/* End PBXVariantGroup section */

/* Begin XCBuildConfiguration section */
		5B1E01D32C0DBE2B00FC9F0F /* Debug */ = {
			isa = XCBuildConfiguration;
			buildSettings = {
				BUILD_LIBRARY_FOR_DISTRIBUTION = YES;
				CODE_SIGN_IDENTITY = "";
				CODE_SIGN_STYLE = Automatic;
				CURRENT_PROJECT_VERSION = 1;
				DEFINES_MODULE = NO;
				DYLIB_COMPATIBILITY_VERSION = 1;
				DYLIB_CURRENT_VERSION = 1;
				DYLIB_INSTALL_NAME_BASE = "@rpath";
				ENABLE_MODULE_VERIFIER = YES;
				GENERATE_INFOPLIST_FILE = YES;
				INFOPLIST_KEY_NSHumanReadableCopyright = "";
				INSTALL_PATH = "$(LOCAL_LIBRARY_DIR)/Frameworks";
				IPHONEOS_DEPLOYMENT_TARGET = 17.5;
				LD_RUNPATH_SEARCH_PATHS = (
					"$(inherited)",
					"@executable_path/Frameworks",
					"@loader_path/Frameworks",
				);
				MARKETING_VERSION = 1.0;
				MODULE_VERIFIER_SUPPORTED_LANGUAGES = "objective-c objective-c++";
				MODULE_VERIFIER_SUPPORTED_LANGUAGE_STANDARDS = "gnu17 gnu++20";
				PRODUCT_BUNDLE_IDENTIFIER = com.efernandez.EssentialFeediOS;
				PRODUCT_NAME = "$(TARGET_NAME:c99extidentifier)";
				SDKROOT = iphoneos;
				SKIP_INSTALL = YES;
				SWIFT_EMIT_LOC_STRINGS = YES;
				SWIFT_INSTALL_OBJC_HEADER = NO;
				SWIFT_VERSION = 5.0;
				TARGETED_DEVICE_FAMILY = "1,2";
			};
			name = Debug;
		};
		5B1E01D42C0DBE2B00FC9F0F /* Release */ = {
			isa = XCBuildConfiguration;
			buildSettings = {
				BUILD_LIBRARY_FOR_DISTRIBUTION = YES;
				CODE_SIGN_IDENTITY = "";
				CODE_SIGN_STYLE = Automatic;
				CURRENT_PROJECT_VERSION = 1;
				DEFINES_MODULE = NO;
				DYLIB_COMPATIBILITY_VERSION = 1;
				DYLIB_CURRENT_VERSION = 1;
				DYLIB_INSTALL_NAME_BASE = "@rpath";
				ENABLE_MODULE_VERIFIER = YES;
				GENERATE_INFOPLIST_FILE = YES;
				INFOPLIST_KEY_NSHumanReadableCopyright = "";
				INSTALL_PATH = "$(LOCAL_LIBRARY_DIR)/Frameworks";
				IPHONEOS_DEPLOYMENT_TARGET = 17.5;
				LD_RUNPATH_SEARCH_PATHS = (
					"$(inherited)",
					"@executable_path/Frameworks",
					"@loader_path/Frameworks",
				);
				MARKETING_VERSION = 1.0;
				MODULE_VERIFIER_SUPPORTED_LANGUAGES = "objective-c objective-c++";
				MODULE_VERIFIER_SUPPORTED_LANGUAGE_STANDARDS = "gnu17 gnu++20";
				PRODUCT_BUNDLE_IDENTIFIER = com.efernandez.EssentialFeediOS;
				PRODUCT_NAME = "$(TARGET_NAME:c99extidentifier)";
				SDKROOT = iphoneos;
				SKIP_INSTALL = YES;
				SWIFT_EMIT_LOC_STRINGS = YES;
				SWIFT_INSTALL_OBJC_HEADER = NO;
				SWIFT_VERSION = 5.0;
				TARGETED_DEVICE_FAMILY = "1,2";
				VALIDATE_PRODUCT = YES;
			};
			name = Release;
		};
		5B1E01D62C0DBE2B00FC9F0F /* Debug */ = {
			isa = XCBuildConfiguration;
			buildSettings = {
				ALWAYS_EMBED_SWIFT_STANDARD_LIBRARIES = YES;
				CLANG_ENABLE_MODULES = YES;
				CODE_SIGN_STYLE = Automatic;
				CURRENT_PROJECT_VERSION = 1;
				GENERATE_INFOPLIST_FILE = YES;
				IPHONEOS_DEPLOYMENT_TARGET = 17.5;
				MARKETING_VERSION = 1.0;
				PRODUCT_BUNDLE_IDENTIFIER = com.efernandez.EssentialFeediOSTests;
				PRODUCT_NAME = "$(TARGET_NAME)";
				SDKROOT = iphoneos;
				SWIFT_EMIT_LOC_STRINGS = NO;
				SWIFT_OPTIMIZATION_LEVEL = "-Onone";
				SWIFT_VERSION = 5.0;
				TARGETED_DEVICE_FAMILY = "1,2";
			};
			name = Debug;
		};
		5B1E01D72C0DBE2B00FC9F0F /* Release */ = {
			isa = XCBuildConfiguration;
			buildSettings = {
				ALWAYS_EMBED_SWIFT_STANDARD_LIBRARIES = YES;
				CLANG_ENABLE_MODULES = YES;
				CODE_SIGN_STYLE = Automatic;
				CURRENT_PROJECT_VERSION = 1;
				GENERATE_INFOPLIST_FILE = YES;
				IPHONEOS_DEPLOYMENT_TARGET = 17.5;
				MARKETING_VERSION = 1.0;
				PRODUCT_BUNDLE_IDENTIFIER = com.efernandez.EssentialFeediOSTests;
				PRODUCT_NAME = "$(TARGET_NAME)";
				SDKROOT = iphoneos;
				SWIFT_EMIT_LOC_STRINGS = NO;
				SWIFT_VERSION = 5.0;
				TARGETED_DEVICE_FAMILY = "1,2";
				VALIDATE_PRODUCT = YES;
			};
			name = Release;
		};
		5BA66E4A2BE7700100014946 /* Debug */ = {
			isa = XCBuildConfiguration;
			buildSettings = {
				ALWAYS_SEARCH_USER_PATHS = NO;
				ASSETCATALOG_COMPILER_GENERATE_SWIFT_ASSET_SYMBOL_EXTENSIONS = YES;
				CLANG_ANALYZER_LOCALIZABILITY_NONLOCALIZED = YES;
				CLANG_ANALYZER_NONNULL = YES;
				CLANG_ANALYZER_NUMBER_OBJECT_CONVERSION = YES_AGGRESSIVE;
				CLANG_CXX_LANGUAGE_STANDARD = "gnu++20";
				CLANG_ENABLE_MODULES = YES;
				CLANG_ENABLE_OBJC_ARC = YES;
				CLANG_ENABLE_OBJC_WEAK = YES;
				CLANG_WARN_BLOCK_CAPTURE_AUTORELEASING = YES;
				CLANG_WARN_BOOL_CONVERSION = YES;
				CLANG_WARN_COMMA = YES;
				CLANG_WARN_CONSTANT_CONVERSION = YES;
				CLANG_WARN_DEPRECATED_OBJC_IMPLEMENTATIONS = YES;
				CLANG_WARN_DIRECT_OBJC_ISA_USAGE = YES_ERROR;
				CLANG_WARN_DOCUMENTATION_COMMENTS = YES;
				CLANG_WARN_EMPTY_BODY = YES;
				CLANG_WARN_ENUM_CONVERSION = YES;
				CLANG_WARN_INFINITE_RECURSION = YES;
				CLANG_WARN_INT_CONVERSION = YES;
				CLANG_WARN_NON_LITERAL_NULL_CONVERSION = YES;
				CLANG_WARN_OBJC_IMPLICIT_RETAIN_SELF = YES;
				CLANG_WARN_OBJC_LITERAL_CONVERSION = YES;
				CLANG_WARN_OBJC_ROOT_CLASS = YES_ERROR;
				CLANG_WARN_QUOTED_INCLUDE_IN_FRAMEWORK_HEADER = YES;
				CLANG_WARN_RANGE_LOOP_ANALYSIS = YES;
				CLANG_WARN_STRICT_PROTOTYPES = YES;
				CLANG_WARN_SUSPICIOUS_MOVE = YES;
				CLANG_WARN_UNGUARDED_AVAILABILITY = YES_AGGRESSIVE;
				CLANG_WARN_UNREACHABLE_CODE = YES;
				CLANG_WARN__DUPLICATE_METHOD_MATCH = YES;
				COPY_PHASE_STRIP = NO;
				CURRENT_PROJECT_VERSION = 1;
				DEAD_CODE_STRIPPING = YES;
				DEBUG_INFORMATION_FORMAT = dwarf;
				ENABLE_STRICT_OBJC_MSGSEND = YES;
				ENABLE_TESTABILITY = YES;
				ENABLE_USER_SCRIPT_SANDBOXING = YES;
				GCC_C_LANGUAGE_STANDARD = gnu17;
				GCC_DYNAMIC_NO_PIC = NO;
				GCC_NO_COMMON_BLOCKS = YES;
				GCC_OPTIMIZATION_LEVEL = 0;
				GCC_PREPROCESSOR_DEFINITIONS = (
					"DEBUG=1",
					"$(inherited)",
				);
				GCC_WARN_64_TO_32_BIT_CONVERSION = YES;
				GCC_WARN_ABOUT_RETURN_TYPE = YES_ERROR;
				GCC_WARN_UNDECLARED_SELECTOR = YES;
				GCC_WARN_UNINITIALIZED_AUTOS = YES_AGGRESSIVE;
				GCC_WARN_UNUSED_FUNCTION = YES;
				GCC_WARN_UNUSED_VARIABLE = YES;
				LOCALIZATION_PREFERS_STRING_CATALOGS = YES;
				MACOSX_DEPLOYMENT_TARGET = 14.4;
				MTL_ENABLE_DEBUG_INFO = INCLUDE_SOURCE;
				MTL_FAST_MATH = YES;
				ONLY_ACTIVE_ARCH = YES;
				SDKROOT = macosx;
				SWIFT_ACTIVE_COMPILATION_CONDITIONS = "DEBUG $(inherited)";
				SWIFT_OPTIMIZATION_LEVEL = "-Onone";
				VERSIONING_SYSTEM = "apple-generic";
				VERSION_INFO_PREFIX = "";
			};
			name = Debug;
		};
		5BA66E4B2BE7700100014946 /* Release */ = {
			isa = XCBuildConfiguration;
			buildSettings = {
				ALWAYS_SEARCH_USER_PATHS = NO;
				ASSETCATALOG_COMPILER_GENERATE_SWIFT_ASSET_SYMBOL_EXTENSIONS = YES;
				CLANG_ANALYZER_LOCALIZABILITY_NONLOCALIZED = YES;
				CLANG_ANALYZER_NONNULL = YES;
				CLANG_ANALYZER_NUMBER_OBJECT_CONVERSION = YES_AGGRESSIVE;
				CLANG_CXX_LANGUAGE_STANDARD = "gnu++20";
				CLANG_ENABLE_MODULES = YES;
				CLANG_ENABLE_OBJC_ARC = YES;
				CLANG_ENABLE_OBJC_WEAK = YES;
				CLANG_WARN_BLOCK_CAPTURE_AUTORELEASING = YES;
				CLANG_WARN_BOOL_CONVERSION = YES;
				CLANG_WARN_COMMA = YES;
				CLANG_WARN_CONSTANT_CONVERSION = YES;
				CLANG_WARN_DEPRECATED_OBJC_IMPLEMENTATIONS = YES;
				CLANG_WARN_DIRECT_OBJC_ISA_USAGE = YES_ERROR;
				CLANG_WARN_DOCUMENTATION_COMMENTS = YES;
				CLANG_WARN_EMPTY_BODY = YES;
				CLANG_WARN_ENUM_CONVERSION = YES;
				CLANG_WARN_INFINITE_RECURSION = YES;
				CLANG_WARN_INT_CONVERSION = YES;
				CLANG_WARN_NON_LITERAL_NULL_CONVERSION = YES;
				CLANG_WARN_OBJC_IMPLICIT_RETAIN_SELF = YES;
				CLANG_WARN_OBJC_LITERAL_CONVERSION = YES;
				CLANG_WARN_OBJC_ROOT_CLASS = YES_ERROR;
				CLANG_WARN_QUOTED_INCLUDE_IN_FRAMEWORK_HEADER = YES;
				CLANG_WARN_RANGE_LOOP_ANALYSIS = YES;
				CLANG_WARN_STRICT_PROTOTYPES = YES;
				CLANG_WARN_SUSPICIOUS_MOVE = YES;
				CLANG_WARN_UNGUARDED_AVAILABILITY = YES_AGGRESSIVE;
				CLANG_WARN_UNREACHABLE_CODE = YES;
				CLANG_WARN__DUPLICATE_METHOD_MATCH = YES;
				COPY_PHASE_STRIP = NO;
				CURRENT_PROJECT_VERSION = 1;
				DEAD_CODE_STRIPPING = YES;
				DEBUG_INFORMATION_FORMAT = "dwarf-with-dsym";
				ENABLE_NS_ASSERTIONS = NO;
				ENABLE_STRICT_OBJC_MSGSEND = YES;
				ENABLE_USER_SCRIPT_SANDBOXING = YES;
				GCC_C_LANGUAGE_STANDARD = gnu17;
				GCC_NO_COMMON_BLOCKS = YES;
				GCC_WARN_64_TO_32_BIT_CONVERSION = YES;
				GCC_WARN_ABOUT_RETURN_TYPE = YES_ERROR;
				GCC_WARN_UNDECLARED_SELECTOR = YES;
				GCC_WARN_UNINITIALIZED_AUTOS = YES_AGGRESSIVE;
				GCC_WARN_UNUSED_FUNCTION = YES;
				GCC_WARN_UNUSED_VARIABLE = YES;
				LOCALIZATION_PREFERS_STRING_CATALOGS = YES;
				MACOSX_DEPLOYMENT_TARGET = 14.4;
				MTL_ENABLE_DEBUG_INFO = NO;
				MTL_FAST_MATH = YES;
				SDKROOT = macosx;
				SWIFT_COMPILATION_MODE = wholemodule;
				VERSIONING_SYSTEM = "apple-generic";
				VERSION_INFO_PREFIX = "";
			};
			name = Release;
		};
		5BA66E4D2BE7700100014946 /* Debug */ = {
			isa = XCBuildConfiguration;
			buildSettings = {
				BUILD_LIBRARY_FOR_DISTRIBUTION = YES;
				CODE_SIGN_STYLE = Automatic;
				COMBINE_HIDPI_IMAGES = YES;
				CURRENT_PROJECT_VERSION = 1;
				DEAD_CODE_STRIPPING = YES;
				DEFINES_MODULE = YES;
				DYLIB_COMPATIBILITY_VERSION = 1;
				DYLIB_CURRENT_VERSION = 1;
				DYLIB_INSTALL_NAME_BASE = "@rpath";
				ENABLE_MODULE_VERIFIER = YES;
				GENERATE_INFOPLIST_FILE = YES;
				INFOPLIST_KEY_NSHumanReadableCopyright = "";
				INSTALL_PATH = "$(LOCAL_LIBRARY_DIR)/Frameworks";
				LD_RUNPATH_SEARCH_PATHS = (
					"$(inherited)",
					"@executable_path/../Frameworks",
					"@loader_path/Frameworks",
				);
				MARKETING_VERSION = 1.0;
				MODULE_VERIFIER_SUPPORTED_LANGUAGES = "objective-c objective-c++";
				MODULE_VERIFIER_SUPPORTED_LANGUAGE_STANDARDS = "gnu17 gnu++20";
				PRODUCT_BUNDLE_IDENTIFIER = com.efernandez.EssentialFeed;
				PRODUCT_NAME = "$(TARGET_NAME:c99extidentifier)";
				SKIP_INSTALL = YES;
				SUPPORTED_PLATFORMS = "macosx iphonesimulator iphoneos";
				SWIFT_EMIT_LOC_STRINGS = YES;
				SWIFT_INSTALL_OBJC_HEADER = NO;
				SWIFT_VERSION = 5.0;
			};
			name = Debug;
		};
		5BA66E4E2BE7700100014946 /* Release */ = {
			isa = XCBuildConfiguration;
			buildSettings = {
				BUILD_LIBRARY_FOR_DISTRIBUTION = YES;
				CODE_SIGN_STYLE = Automatic;
				COMBINE_HIDPI_IMAGES = YES;
				CURRENT_PROJECT_VERSION = 1;
				DEAD_CODE_STRIPPING = YES;
				DEFINES_MODULE = YES;
				DYLIB_COMPATIBILITY_VERSION = 1;
				DYLIB_CURRENT_VERSION = 1;
				DYLIB_INSTALL_NAME_BASE = "@rpath";
				ENABLE_MODULE_VERIFIER = YES;
				GENERATE_INFOPLIST_FILE = YES;
				INFOPLIST_KEY_NSHumanReadableCopyright = "";
				INSTALL_PATH = "$(LOCAL_LIBRARY_DIR)/Frameworks";
				LD_RUNPATH_SEARCH_PATHS = (
					"$(inherited)",
					"@executable_path/../Frameworks",
					"@loader_path/Frameworks",
				);
				MARKETING_VERSION = 1.0;
				MODULE_VERIFIER_SUPPORTED_LANGUAGES = "objective-c objective-c++";
				MODULE_VERIFIER_SUPPORTED_LANGUAGE_STANDARDS = "gnu17 gnu++20";
				PRODUCT_BUNDLE_IDENTIFIER = com.efernandez.EssentialFeed;
				PRODUCT_NAME = "$(TARGET_NAME:c99extidentifier)";
				SKIP_INSTALL = YES;
				SUPPORTED_PLATFORMS = "macosx iphonesimulator iphoneos";
				SWIFT_EMIT_LOC_STRINGS = YES;
				SWIFT_INSTALL_OBJC_HEADER = NO;
				SWIFT_VERSION = 5.0;
			};
			name = Release;
		};
		5BA66E502BE7700100014946 /* Debug */ = {
			isa = XCBuildConfiguration;
			buildSettings = {
				ALWAYS_EMBED_SWIFT_STANDARD_LIBRARIES = YES;
				CODE_SIGN_STYLE = Automatic;
				CURRENT_PROJECT_VERSION = 1;
				DEAD_CODE_STRIPPING = YES;
				GENERATE_INFOPLIST_FILE = YES;
				MARKETING_VERSION = 1.0;
				PRODUCT_BUNDLE_IDENTIFIER = com.efernandez.EssentialFeedTests;
				PRODUCT_NAME = "$(TARGET_NAME)";
				SUPPORTED_PLATFORMS = "macosx iphonesimulator iphoneos";
				SWIFT_EMIT_LOC_STRINGS = NO;
				SWIFT_VERSION = 5.0;
			};
			name = Debug;
		};
		5BA66E512BE7700100014946 /* Release */ = {
			isa = XCBuildConfiguration;
			buildSettings = {
				ALWAYS_EMBED_SWIFT_STANDARD_LIBRARIES = YES;
				CODE_SIGN_STYLE = Automatic;
				CURRENT_PROJECT_VERSION = 1;
				DEAD_CODE_STRIPPING = YES;
				GENERATE_INFOPLIST_FILE = YES;
				MARKETING_VERSION = 1.0;
				PRODUCT_BUNDLE_IDENTIFIER = com.efernandez.EssentialFeedTests;
				PRODUCT_NAME = "$(TARGET_NAME)";
				SUPPORTED_PLATFORMS = "macosx iphonesimulator iphoneos";
				SWIFT_EMIT_LOC_STRINGS = NO;
				SWIFT_VERSION = 5.0;
			};
			name = Release;
		};
		5BA66E762BF0C77D00014946 /* Debug */ = {
			isa = XCBuildConfiguration;
			buildSettings = {
				CODE_SIGN_STYLE = Automatic;
				CURRENT_PROJECT_VERSION = 1;
				DEAD_CODE_STRIPPING = YES;
				GENERATE_INFOPLIST_FILE = YES;
				MARKETING_VERSION = 1.0;
				PRODUCT_BUNDLE_IDENTIFIER = com.efernandez.EssentialFeedAPIEndToEndTests;
				PRODUCT_NAME = "$(TARGET_NAME)";
				SUPPORTED_PLATFORMS = "macosx iphoneos iphonesimulator";
				SWIFT_EMIT_LOC_STRINGS = NO;
				SWIFT_VERSION = 5.0;
			};
			name = Debug;
		};
		5BA66E772BF0C77D00014946 /* Release */ = {
			isa = XCBuildConfiguration;
			buildSettings = {
				CODE_SIGN_STYLE = Automatic;
				CURRENT_PROJECT_VERSION = 1;
				DEAD_CODE_STRIPPING = YES;
				GENERATE_INFOPLIST_FILE = YES;
				MARKETING_VERSION = 1.0;
				PRODUCT_BUNDLE_IDENTIFIER = com.efernandez.EssentialFeedAPIEndToEndTests;
				PRODUCT_NAME = "$(TARGET_NAME)";
				SUPPORTED_PLATFORMS = "macosx iphoneos iphonesimulator";
				SWIFT_EMIT_LOC_STRINGS = NO;
				SWIFT_VERSION = 5.0;
			};
			name = Release;
		};
		5BA66EC42BFF9E1A00014946 /* Debug */ = {
			isa = XCBuildConfiguration;
			buildSettings = {
				CODE_SIGN_STYLE = Automatic;
				CURRENT_PROJECT_VERSION = 1;
				DEAD_CODE_STRIPPING = YES;
				GENERATE_INFOPLIST_FILE = YES;
				MARKETING_VERSION = 1.0;
				PRODUCT_BUNDLE_IDENTIFIER = com.efernandez.EssentialFeedCacheIntegrationTests;
				PRODUCT_NAME = "$(TARGET_NAME)";
				SUPPORTED_PLATFORMS = "macosx iphonesimulator iphoneos";
				SWIFT_EMIT_LOC_STRINGS = NO;
				SWIFT_VERSION = 5.0;
			};
			name = Debug;
		};
		5BA66EC52BFF9E1A00014946 /* Release */ = {
			isa = XCBuildConfiguration;
			buildSettings = {
				CODE_SIGN_STYLE = Automatic;
				CURRENT_PROJECT_VERSION = 1;
				DEAD_CODE_STRIPPING = YES;
				GENERATE_INFOPLIST_FILE = YES;
				MARKETING_VERSION = 1.0;
				PRODUCT_BUNDLE_IDENTIFIER = com.efernandez.EssentialFeedCacheIntegrationTests;
				PRODUCT_NAME = "$(TARGET_NAME)";
				SUPPORTED_PLATFORMS = "macosx iphonesimulator iphoneos";
				SWIFT_EMIT_LOC_STRINGS = NO;
				SWIFT_VERSION = 5.0;
			};
			name = Release;
		};
/* End XCBuildConfiguration section */

/* Begin XCConfigurationList section */
		5B1E01D22C0DBE2B00FC9F0F /* Build configuration list for PBXNativeTarget "EssentialFeediOS" */ = {
			isa = XCConfigurationList;
			buildConfigurations = (
				5B1E01D32C0DBE2B00FC9F0F /* Debug */,
				5B1E01D42C0DBE2B00FC9F0F /* Release */,
			);
			defaultConfigurationIsVisible = 0;
			defaultConfigurationName = Release;
		};
		5B1E01D52C0DBE2B00FC9F0F /* Build configuration list for PBXNativeTarget "EssentialFeediOSTests" */ = {
			isa = XCConfigurationList;
			buildConfigurations = (
				5B1E01D62C0DBE2B00FC9F0F /* Debug */,
				5B1E01D72C0DBE2B00FC9F0F /* Release */,
			);
			defaultConfigurationIsVisible = 0;
			defaultConfigurationName = Release;
		};
		5BA66E322BE7700000014946 /* Build configuration list for PBXProject "EssentialFeed" */ = {
			isa = XCConfigurationList;
			buildConfigurations = (
				5BA66E4A2BE7700100014946 /* Debug */,
				5BA66E4B2BE7700100014946 /* Release */,
			);
			defaultConfigurationIsVisible = 0;
			defaultConfigurationName = Release;
		};
		5BA66E4C2BE7700100014946 /* Build configuration list for PBXNativeTarget "EssentialFeed" */ = {
			isa = XCConfigurationList;
			buildConfigurations = (
				5BA66E4D2BE7700100014946 /* Debug */,
				5BA66E4E2BE7700100014946 /* Release */,
			);
			defaultConfigurationIsVisible = 0;
			defaultConfigurationName = Release;
		};
		5BA66E4F2BE7700100014946 /* Build configuration list for PBXNativeTarget "EssentialFeedTests" */ = {
			isa = XCConfigurationList;
			buildConfigurations = (
				5BA66E502BE7700100014946 /* Debug */,
				5BA66E512BE7700100014946 /* Release */,
			);
			defaultConfigurationIsVisible = 0;
			defaultConfigurationName = Release;
		};
		5BA66E752BF0C77D00014946 /* Build configuration list for PBXNativeTarget "EssentialFeedAPIEndToEndTests" */ = {
			isa = XCConfigurationList;
			buildConfigurations = (
				5BA66E762BF0C77D00014946 /* Debug */,
				5BA66E772BF0C77D00014946 /* Release */,
			);
			defaultConfigurationIsVisible = 0;
			defaultConfigurationName = Release;
		};
		5BA66EC32BFF9E1A00014946 /* Build configuration list for PBXNativeTarget "EssentialFeedCacheIntegrationTests" */ = {
			isa = XCConfigurationList;
			buildConfigurations = (
				5BA66EC42BFF9E1A00014946 /* Debug */,
				5BA66EC52BFF9E1A00014946 /* Release */,
			);
			defaultConfigurationIsVisible = 0;
			defaultConfigurationName = Release;
		};
/* End XCConfigurationList section */

/* Begin XCVersionGroup section */
		5BA66EAB2BFF47DA00014946 /* FeedStore.xcdatamodeld */ = {
			isa = XCVersionGroup;
			children = (
				5BFDAD7C2C35BF66008CEF26 /* FeedStore2.xcdatamodel */,
				5BA66EAC2BFF47DA00014946 /* FeedStore.xcdatamodel */,
			);
			currentVersion = 5BFDAD7C2C35BF66008CEF26 /* FeedStore2.xcdatamodel */;
			path = FeedStore.xcdatamodeld;
			sourceTree = "<group>";
			versionGroupType = wrapper.xcdatamodel;
		};
/* End XCVersionGroup section */
	};
	rootObject = 5BA66E2F2BE7700000014946 /* Project object */;
}
