// !$*UTF8*$!
{
	archiveVersion = 1;
	classes = {
	};
	objectVersion = 56;
	objects = {

/* Begin PBXBuildFile section */
		5B0F4B382C4AE014001E12F4 /* SceneDelegateTests.swift in Sources */ = {isa = PBXBuildFile; fileRef = 5B0F4B372C4AE014001E12F4 /* SceneDelegateTests.swift */; };
		5B12366B2C42CCAB00B17B15 /* XCTestCase+MemoryLeakTracking.swift in Sources */ = {isa = PBXBuildFile; fileRef = 5B12366A2C42CCAB00B17B15 /* XCTestCase+MemoryLeakTracking.swift */; };
		5B12366D2C42CCF900B17B15 /* SharedTestHelpers.swift in Sources */ = {isa = PBXBuildFile; fileRef = 5B12366C2C42CCF900B17B15 /* SharedTestHelpers.swift */; };
		5B4208A12D8EDDFD005504ED /* NullStore.swift in Sources */ = {isa = PBXBuildFile; fileRef = 5B4208A02D8EDDFA005504ED /* NullStore.swift */; };
		5B7848D32CB2867C00E7AE06 /* CommentsUIIntegrationTests.swift in Sources */ = {isa = PBXBuildFile; fileRef = 5B7848D22CB2867100E7AE06 /* CommentsUIIntegrationTests.swift */; };
		5B7848D52CB287D800E7AE06 /* CommentsUIComposer.swift in Sources */ = {isa = PBXBuildFile; fileRef = 5B7848D42CB287D300E7AE06 /* CommentsUIComposer.swift */; };
		5BC898F62C4D09CA00F7D31A /* FeedViewAdapter.swift in Sources */ = {isa = PBXBuildFile; fileRef = 5BC898F02C4D09CA00F7D31A /* FeedViewAdapter.swift */; };
		5BC898F82C4D09CA00F7D31A /* WeakRefVirtualProxy.swift in Sources */ = {isa = PBXBuildFile; fileRef = 5BC898F12C4D09CA00F7D31A /* WeakRefVirtualProxy.swift */; };
		5BC898F92C4D09CA00F7D31A /* FeedUIComposer.swift in Sources */ = {isa = PBXBuildFile; fileRef = 5BC898F42C4D09CA00F7D31A /* FeedUIComposer.swift */; };
		5BC898FA2C4D09CA00F7D31A /* LoadResourcePresentationAdapter.swift in Sources */ = {isa = PBXBuildFile; fileRef = 5BC898F32C4D09CA00F7D31A /* LoadResourcePresentationAdapter.swift */; };
		5BC899062C4D0A0000F7D31A /* UIImage+TestHelpers.swift in Sources */ = {isa = PBXBuildFile; fileRef = 5BC898FD2C4D09FF00F7D31A /* UIImage+TestHelpers.swift */; };
		5BC899072C4D0A0000F7D31A /* FeedUIIntegrationTests+Assertions.swift in Sources */ = {isa = PBXBuildFile; fileRef = 5BC899032C4D0A0000F7D31A /* FeedUIIntegrationTests+Assertions.swift */; };
		5BC899082C4D0A0000F7D31A /* UIRefreshControl+TestHelpers.swift in Sources */ = {isa = PBXBuildFile; fileRef = 5BC898FC2C4D09FF00F7D31A /* UIRefreshControl+TestHelpers.swift */; };
		5BC899092C4D0A0000F7D31A /* UIControl+TestHelpers.swift in Sources */ = {isa = PBXBuildFile; fileRef = 5BC899042C4D0A0000F7D31A /* UIControl+TestHelpers.swift */; };
		5BC8990A2C4D0A0000F7D31A /* FeedImageCell+TestHelpers.swift in Sources */ = {isa = PBXBuildFile; fileRef = 5BC899022C4D0A0000F7D31A /* FeedImageCell+TestHelpers.swift */; };
		5BC8990B2C4D0A0000F7D31A /* FeedUIIntegrationTests+LoaderSpy.swift in Sources */ = {isa = PBXBuildFile; fileRef = 5BC898FE2C4D09FF00F7D31A /* FeedUIIntegrationTests+LoaderSpy.swift */; };
		5BC8990D2C4D0A0000F7D31A /* UIButton+TestHelpers.swift in Sources */ = {isa = PBXBuildFile; fileRef = 5BC899012C4D0A0000F7D31A /* UIButton+TestHelpers.swift */; };
		5BC899102C4D0A0000F7D31A /* ListViewController+TestHelpers.swift in Sources */ = {isa = PBXBuildFile; fileRef = 5BC898FB2C4D09FF00F7D31A /* ListViewController+TestHelpers.swift */; };
		5BC899122C4D0A1900F7D31A /* FeedUIIntegrationTests.swift in Sources */ = {isa = PBXBuildFile; fileRef = 5BC899112C4D0A1900F7D31A /* FeedUIIntegrationTests.swift */; };
		5BC899142C4D0C3400F7D31A /* FeedAcceptanceTests.swift in Sources */ = {isa = PBXBuildFile; fileRef = 5BC899132C4D0C3400F7D31A /* FeedAcceptanceTests.swift */; };
		5BC899162C4D92BA00F7D31A /* HTTPClientStub.swift in Sources */ = {isa = PBXBuildFile; fileRef = 5BC899152C4D92BA00F7D31A /* HTTPClientStub.swift */; };
		5BC899242C4EB43600F7D31A /* FeedViewController+FakeRefreshControl.swift in Sources */ = {isa = PBXBuildFile; fileRef = 5BC899232C4EB43600F7D31A /* FeedViewController+FakeRefreshControl.swift */; };
		5BC899282C4EB4B600F7D31A /* FakeRefreshControl.swift in Sources */ = {isa = PBXBuildFile; fileRef = 5BC899272C4EB4B600F7D31A /* FakeRefreshControl.swift */; };
		5BC899322C5182D500F7D31A /* UIView+TestHelpers.swift in Sources */ = {isa = PBXBuildFile; fileRef = 5BC899312C5182D500F7D31A /* UIView+TestHelpers.swift */; };
		5BC899362C527E0F00F7D31A /* CombineHelpers.swift in Sources */ = {isa = PBXBuildFile; fileRef = 5BC899352C527E0F00F7D31A /* CombineHelpers.swift */; };
		5BFDAD8F2C3932D8008CEF26 /* AppDelegate.swift in Sources */ = {isa = PBXBuildFile; fileRef = 5BFDAD8E2C3932D8008CEF26 /* AppDelegate.swift */; };
		5BFDAD912C3932D8008CEF26 /* SceneDelegate.swift in Sources */ = {isa = PBXBuildFile; fileRef = 5BFDAD902C3932D8008CEF26 /* SceneDelegate.swift */; };
		5BFDAD932C3932D8008CEF26 /* ViewController.swift in Sources */ = {isa = PBXBuildFile; fileRef = 5BFDAD922C3932D8008CEF26 /* ViewController.swift */; };
		5BFDAD982C3932DB008CEF26 /* Assets.xcassets in Resources */ = {isa = PBXBuildFile; fileRef = 5BFDAD972C3932DB008CEF26 /* Assets.xcassets */; };
		5BFDAD9B2C3932DB008CEF26 /* Base in Resources */ = {isa = PBXBuildFile; fileRef = 5BFDAD9A2C3932DB008CEF26 /* Base */; };
		5BFDADC12C393530008CEF26 /* EssentialFeed.framework in Frameworks */ = {isa = PBXBuildFile; fileRef = 5BFDADBF2C393530008CEF26 /* EssentialFeed.framework */; };
		5BFDADC22C393530008CEF26 /* EssentialFeed.framework in Embed Frameworks */ = {isa = PBXBuildFile; fileRef = 5BFDADBF2C393530008CEF26 /* EssentialFeed.framework */; settings = {ATTRIBUTES = (CodeSignOnCopy, RemoveHeadersOnCopy, ); }; };
		5BFDADC32C393530008CEF26 /* EssentialFeediOS.framework in Frameworks */ = {isa = PBXBuildFile; fileRef = 5BFDADC02C393530008CEF26 /* EssentialFeediOS.framework */; };
		5BFDADC42C393530008CEF26 /* EssentialFeediOS.framework in Embed Frameworks */ = {isa = PBXBuildFile; fileRef = 5BFDADC02C393530008CEF26 /* EssentialFeediOS.framework */; settings = {ATTRIBUTES = (CodeSignOnCopy, RemoveHeadersOnCopy, ); }; };
/* End PBXBuildFile section */

/* Begin PBXContainerItemProxy section */
		5BFDADA22C3932DC008CEF26 /* PBXContainerItemProxy */ = {
			isa = PBXContainerItemProxy;
			containerPortal = 5BFDAD832C3932D8008CEF26 /* Project object */;
			proxyType = 1;
			remoteGlobalIDString = 5BFDAD8A2C3932D8008CEF26;
			remoteInfo = EssentialApp;
		};
/* End PBXContainerItemProxy section */

/* Begin PBXCopyFilesBuildPhase section */
		5BFDADC52C393530008CEF26 /* Embed Frameworks */ = {
			isa = PBXCopyFilesBuildPhase;
			buildActionMask = 2147483647;
			dstPath = "";
			dstSubfolderSpec = 10;
			files = (
				5BFDADC22C393530008CEF26 /* EssentialFeed.framework in Embed Frameworks */,
				5BFDADC42C393530008CEF26 /* EssentialFeediOS.framework in Embed Frameworks */,
			);
			name = "Embed Frameworks";
			runOnlyForDeploymentPostprocessing = 0;
		};
/* End PBXCopyFilesBuildPhase section */

/* Begin PBXFileReference section */
		5B0F4B372C4AE014001E12F4 /* SceneDelegateTests.swift */ = {isa = PBXFileReference; lastKnownFileType = sourcecode.swift; path = SceneDelegateTests.swift; sourceTree = "<group>"; };
		5B12366A2C42CCAB00B17B15 /* XCTestCase+MemoryLeakTracking.swift */ = {isa = PBXFileReference; lastKnownFileType = sourcecode.swift; path = "XCTestCase+MemoryLeakTracking.swift"; sourceTree = "<group>"; };
		5B12366C2C42CCF900B17B15 /* SharedTestHelpers.swift */ = {isa = PBXFileReference; lastKnownFileType = sourcecode.swift; path = SharedTestHelpers.swift; sourceTree = "<group>"; };
		5B4208A02D8EDDFA005504ED /* NullStore.swift */ = {isa = PBXFileReference; lastKnownFileType = sourcecode.swift; path = NullStore.swift; sourceTree = "<group>"; };
		5B7848D22CB2867100E7AE06 /* CommentsUIIntegrationTests.swift */ = {isa = PBXFileReference; lastKnownFileType = sourcecode.swift; path = CommentsUIIntegrationTests.swift; sourceTree = "<group>"; };
		5B7848D42CB287D300E7AE06 /* CommentsUIComposer.swift */ = {isa = PBXFileReference; lastKnownFileType = sourcecode.swift; path = CommentsUIComposer.swift; sourceTree = "<group>"; };
		5BC898F02C4D09CA00F7D31A /* FeedViewAdapter.swift */ = {isa = PBXFileReference; lastKnownFileType = sourcecode.swift; path = FeedViewAdapter.swift; sourceTree = "<group>"; };
		5BC898F12C4D09CA00F7D31A /* WeakRefVirtualProxy.swift */ = {isa = PBXFileReference; lastKnownFileType = sourcecode.swift; path = WeakRefVirtualProxy.swift; sourceTree = "<group>"; };
		5BC898F32C4D09CA00F7D31A /* LoadResourcePresentationAdapter.swift */ = {isa = PBXFileReference; lastKnownFileType = sourcecode.swift; path = LoadResourcePresentationAdapter.swift; sourceTree = "<group>"; };
		5BC898F42C4D09CA00F7D31A /* FeedUIComposer.swift */ = {isa = PBXFileReference; lastKnownFileType = sourcecode.swift; path = FeedUIComposer.swift; sourceTree = "<group>"; };
		5BC898FB2C4D09FF00F7D31A /* ListViewController+TestHelpers.swift */ = {isa = PBXFileReference; lastKnownFileType = sourcecode.swift; path = "ListViewController+TestHelpers.swift"; sourceTree = "<group>"; };
		5BC898FC2C4D09FF00F7D31A /* UIRefreshControl+TestHelpers.swift */ = {isa = PBXFileReference; lastKnownFileType = sourcecode.swift; path = "UIRefreshControl+TestHelpers.swift"; sourceTree = "<group>"; };
		5BC898FD2C4D09FF00F7D31A /* UIImage+TestHelpers.swift */ = {isa = PBXFileReference; lastKnownFileType = sourcecode.swift; path = "UIImage+TestHelpers.swift"; sourceTree = "<group>"; };
		5BC898FE2C4D09FF00F7D31A /* FeedUIIntegrationTests+LoaderSpy.swift */ = {isa = PBXFileReference; lastKnownFileType = sourcecode.swift; path = "FeedUIIntegrationTests+LoaderSpy.swift"; sourceTree = "<group>"; };
		5BC899012C4D0A0000F7D31A /* UIButton+TestHelpers.swift */ = {isa = PBXFileReference; lastKnownFileType = sourcecode.swift; path = "UIButton+TestHelpers.swift"; sourceTree = "<group>"; };
		5BC899022C4D0A0000F7D31A /* FeedImageCell+TestHelpers.swift */ = {isa = PBXFileReference; lastKnownFileType = sourcecode.swift; path = "FeedImageCell+TestHelpers.swift"; sourceTree = "<group>"; };
		5BC899032C4D0A0000F7D31A /* FeedUIIntegrationTests+Assertions.swift */ = {isa = PBXFileReference; lastKnownFileType = sourcecode.swift; path = "FeedUIIntegrationTests+Assertions.swift"; sourceTree = "<group>"; };
		5BC899042C4D0A0000F7D31A /* UIControl+TestHelpers.swift */ = {isa = PBXFileReference; lastKnownFileType = sourcecode.swift; path = "UIControl+TestHelpers.swift"; sourceTree = "<group>"; };
		5BC899112C4D0A1900F7D31A /* FeedUIIntegrationTests.swift */ = {isa = PBXFileReference; lastKnownFileType = sourcecode.swift; path = FeedUIIntegrationTests.swift; sourceTree = "<group>"; };
		5BC899132C4D0C3400F7D31A /* FeedAcceptanceTests.swift */ = {isa = PBXFileReference; lastKnownFileType = sourcecode.swift; path = FeedAcceptanceTests.swift; sourceTree = "<group>"; };
		5BC899152C4D92BA00F7D31A /* HTTPClientStub.swift */ = {isa = PBXFileReference; lastKnownFileType = sourcecode.swift; path = HTTPClientStub.swift; sourceTree = "<group>"; };
		5BC899232C4EB43600F7D31A /* FeedViewController+FakeRefreshControl.swift */ = {isa = PBXFileReference; lastKnownFileType = sourcecode.swift; path = "FeedViewController+FakeRefreshControl.swift"; sourceTree = "<group>"; };
		5BC899272C4EB4B600F7D31A /* FakeRefreshControl.swift */ = {isa = PBXFileReference; lastKnownFileType = sourcecode.swift; path = FakeRefreshControl.swift; sourceTree = "<group>"; };
		5BC899312C5182D500F7D31A /* UIView+TestHelpers.swift */ = {isa = PBXFileReference; lastKnownFileType = sourcecode.swift; path = "UIView+TestHelpers.swift"; sourceTree = "<group>"; };
		5BC899352C527E0F00F7D31A /* CombineHelpers.swift */ = {isa = PBXFileReference; lastKnownFileType = sourcecode.swift; path = CombineHelpers.swift; sourceTree = "<group>"; };
		5BFDAD8B2C3932D8008CEF26 /* EssentialApp.app */ = {isa = PBXFileReference; explicitFileType = wrapper.application; includeInIndex = 0; path = EssentialApp.app; sourceTree = BUILT_PRODUCTS_DIR; };
		5BFDAD8E2C3932D8008CEF26 /* AppDelegate.swift */ = {isa = PBXFileReference; lastKnownFileType = sourcecode.swift; path = AppDelegate.swift; sourceTree = "<group>"; };
		5BFDAD902C3932D8008CEF26 /* SceneDelegate.swift */ = {isa = PBXFileReference; lastKnownFileType = sourcecode.swift; path = SceneDelegate.swift; sourceTree = "<group>"; };
		5BFDAD922C3932D8008CEF26 /* ViewController.swift */ = {isa = PBXFileReference; lastKnownFileType = sourcecode.swift; path = ViewController.swift; sourceTree = "<group>"; };
		5BFDAD972C3932DB008CEF26 /* Assets.xcassets */ = {isa = PBXFileReference; lastKnownFileType = folder.assetcatalog; path = Assets.xcassets; sourceTree = "<group>"; };
		5BFDAD9A2C3932DB008CEF26 /* Base */ = {isa = PBXFileReference; lastKnownFileType = file.storyboard; name = Base; path = Base.lproj/LaunchScreen.storyboard; sourceTree = "<group>"; };
		5BFDAD9C2C3932DB008CEF26 /* Info.plist */ = {isa = PBXFileReference; lastKnownFileType = text.plist.xml; path = Info.plist; sourceTree = "<group>"; };
		5BFDADA12C3932DC008CEF26 /* EssentialAppTests.xctest */ = {isa = PBXFileReference; explicitFileType = wrapper.cfbundle; includeInIndex = 0; path = EssentialAppTests.xctest; sourceTree = BUILT_PRODUCTS_DIR; };
		5BFDADBF2C393530008CEF26 /* EssentialFeed.framework */ = {isa = PBXFileReference; explicitFileType = wrapper.framework; path = EssentialFeed.framework; sourceTree = BUILT_PRODUCTS_DIR; };
		5BFDADC02C393530008CEF26 /* EssentialFeediOS.framework */ = {isa = PBXFileReference; explicitFileType = wrapper.framework; path = EssentialFeediOS.framework; sourceTree = BUILT_PRODUCTS_DIR; };
/* End PBXFileReference section */

/* Begin PBXFrameworksBuildPhase section */
		5BFDAD882C3932D8008CEF26 /* Frameworks */ = {
			isa = PBXFrameworksBuildPhase;
			buildActionMask = 2147483647;
			files = (
				5BFDADC12C393530008CEF26 /* EssentialFeed.framework in Frameworks */,
				5BFDADC32C393530008CEF26 /* EssentialFeediOS.framework in Frameworks */,
			);
			runOnlyForDeploymentPostprocessing = 0;
		};
		5BFDAD9E2C3932DC008CEF26 /* Frameworks */ = {
			isa = PBXFrameworksBuildPhase;
			buildActionMask = 2147483647;
			files = (
			);
			runOnlyForDeploymentPostprocessing = 0;
		};
/* End PBXFrameworksBuildPhase section */

/* Begin PBXGroup section */
		5B1236692C42CC9800B17B15 /* Helpers */ = {
			isa = PBXGroup;
			children = (
				5BC899032C4D0A0000F7D31A /* FeedUIIntegrationTests+Assertions.swift */,
				5BC898FE2C4D09FF00F7D31A /* FeedUIIntegrationTests+LoaderSpy.swift */,
				5BC898FB2C4D09FF00F7D31A /* ListViewController+TestHelpers.swift */,
				5BC899012C4D0A0000F7D31A /* UIButton+TestHelpers.swift */,
				5BC899042C4D0A0000F7D31A /* UIControl+TestHelpers.swift */,
				5BC898FD2C4D09FF00F7D31A /* UIImage+TestHelpers.swift */,
				5BC898FC2C4D09FF00F7D31A /* UIRefreshControl+TestHelpers.swift */,
				5BC899022C4D0A0000F7D31A /* FeedImageCell+TestHelpers.swift */,
				5BC899272C4EB4B600F7D31A /* FakeRefreshControl.swift */,
				5BC899232C4EB43600F7D31A /* FeedViewController+FakeRefreshControl.swift */,
				5B12366A2C42CCAB00B17B15 /* XCTestCase+MemoryLeakTracking.swift */,
				5B12366C2C42CCF900B17B15 /* SharedTestHelpers.swift */,
				5BC899152C4D92BA00F7D31A /* HTTPClientStub.swift */,
				5BC899312C5182D500F7D31A /* UIView+TestHelpers.swift */,
			);
			path = Helpers;
			sourceTree = "<group>";
		};
		5BFDAD822C3932D8008CEF26 = {
			isa = PBXGroup;
			children = (
				5BFDAD8D2C3932D8008CEF26 /* EssentialApp */,
				5BFDADA42C3932DC008CEF26 /* EssentialAppTests */,
				5BFDAD8C2C3932D8008CEF26 /* Products */,
				5BFDADBE2C393530008CEF26 /* Frameworks */,
			);
			sourceTree = "<group>";
		};
		5BFDAD8C2C3932D8008CEF26 /* Products */ = {
			isa = PBXGroup;
			children = (
				5BFDAD8B2C3932D8008CEF26 /* EssentialApp.app */,
				5BFDADA12C3932DC008CEF26 /* EssentialAppTests.xctest */,
			);
			name = Products;
			sourceTree = "<group>";
		};
		5BFDAD8D2C3932D8008CEF26 /* EssentialApp */ = {
			isa = PBXGroup;
			children = (
				5B4208A02D8EDDFA005504ED /* NullStore.swift */,
				5BFDAD8E2C3932D8008CEF26 /* AppDelegate.swift */,
				5BFDAD902C3932D8008CEF26 /* SceneDelegate.swift */,
				5BFDAD922C3932D8008CEF26 /* ViewController.swift */,
				5BFDAD972C3932DB008CEF26 /* Assets.xcassets */,
				5BFDAD992C3932DB008CEF26 /* LaunchScreen.storyboard */,
				5BFDAD9C2C3932DB008CEF26 /* Info.plist */,
				5BC898F42C4D09CA00F7D31A /* FeedUIComposer.swift */,
				5B7848D42CB287D300E7AE06 /* CommentsUIComposer.swift */,
				5BC898F12C4D09CA00F7D31A /* WeakRefVirtualProxy.swift */,
				5BC898F32C4D09CA00F7D31A /* LoadResourcePresentationAdapter.swift */,
				5BC898F02C4D09CA00F7D31A /* FeedViewAdapter.swift */,
				5BC899352C527E0F00F7D31A /* CombineHelpers.swift */,
			);
			path = EssentialApp;
			sourceTree = "<group>";
		};
		5BFDADA42C3932DC008CEF26 /* EssentialAppTests */ = {
			isa = PBXGroup;
			children = (
				5B1236692C42CC9800B17B15 /* Helpers */,
				5B0F4B372C4AE014001E12F4 /* SceneDelegateTests.swift */,
				5BC899132C4D0C3400F7D31A /* FeedAcceptanceTests.swift */,
				5BC899112C4D0A1900F7D31A /* FeedUIIntegrationTests.swift */,
				5B7848D22CB2867100E7AE06 /* CommentsUIIntegrationTests.swift */,
			);
			path = EssentialAppTests;
			sourceTree = "<group>";
		};
		5BFDADBE2C393530008CEF26 /* Frameworks */ = {
			isa = PBXGroup;
			children = (
				5BFDADBF2C393530008CEF26 /* EssentialFeed.framework */,
				5BFDADC02C393530008CEF26 /* EssentialFeediOS.framework */,
			);
			name = Frameworks;
			sourceTree = "<group>";
		};
/* End PBXGroup section */

/* Begin PBXNativeTarget section */
		5BFDAD8A2C3932D8008CEF26 /* EssentialApp */ = {
			isa = PBXNativeTarget;
			buildConfigurationList = 5BFDADB52C3932DC008CEF26 /* Build configuration list for PBXNativeTarget "EssentialApp" */;
			buildPhases = (
				5BFDAD872C3932D8008CEF26 /* Sources */,
				5BFDAD882C3932D8008CEF26 /* Frameworks */,
				5BFDAD892C3932D8008CEF26 /* Resources */,
				5BFDADC52C393530008CEF26 /* Embed Frameworks */,
			);
			buildRules = (
			);
			dependencies = (
			);
			name = EssentialApp;
			productName = EssentialApp;
			productReference = 5BFDAD8B2C3932D8008CEF26 /* EssentialApp.app */;
			productType = "com.apple.product-type.application";
		};
		5BFDADA02C3932DC008CEF26 /* EssentialAppTests */ = {
			isa = PBXNativeTarget;
			buildConfigurationList = 5BFDADB82C3932DC008CEF26 /* Build configuration list for PBXNativeTarget "EssentialAppTests" */;
			buildPhases = (
				5BFDAD9D2C3932DC008CEF26 /* Sources */,
				5BFDAD9E2C3932DC008CEF26 /* Frameworks */,
				5BFDAD9F2C3932DC008CEF26 /* Resources */,
			);
			buildRules = (
			);
			dependencies = (
				5BFDADA32C3932DC008CEF26 /* PBXTargetDependency */,
			);
			name = EssentialAppTests;
			productName = EssentialAppTests;
			productReference = 5BFDADA12C3932DC008CEF26 /* EssentialAppTests.xctest */;
			productType = "com.apple.product-type.bundle.unit-test";
		};
/* End PBXNativeTarget section */

/* Begin PBXProject section */
		5BFDAD832C3932D8008CEF26 /* Project object */ = {
			isa = PBXProject;
			attributes = {
				BuildIndependentTargetsInParallel = 1;
				LastSwiftUpdateCheck = 1540;
				LastUpgradeCheck = 1600;
				TargetAttributes = {
					5BFDAD8A2C3932D8008CEF26 = {
						CreatedOnToolsVersion = 15.4;
					};
					5BFDADA02C3932DC008CEF26 = {
						CreatedOnToolsVersion = 15.4;
						LastSwiftMigration = 1540;
						TestTargetID = 5BFDAD8A2C3932D8008CEF26;
					};
				};
			};
			buildConfigurationList = 5BFDAD862C3932D8008CEF26 /* Build configuration list for PBXProject "EssentialApp" */;
			compatibilityVersion = "Xcode 14.0";
			developmentRegion = en;
			hasScannedForEncodings = 0;
			knownRegions = (
				en,
				Base,
			);
			mainGroup = 5BFDAD822C3932D8008CEF26;
			productRefGroup = 5BFDAD8C2C3932D8008CEF26 /* Products */;
			projectDirPath = "";
			projectRoot = "";
			targets = (
				5BFDAD8A2C3932D8008CEF26 /* EssentialApp */,
				5BFDADA02C3932DC008CEF26 /* EssentialAppTests */,
			);
		};
/* End PBXProject section */

/* Begin PBXResourcesBuildPhase section */
		5BFDAD892C3932D8008CEF26 /* Resources */ = {
			isa = PBXResourcesBuildPhase;
			buildActionMask = 2147483647;
			files = (
				5BFDAD982C3932DB008CEF26 /* Assets.xcassets in Resources */,
				5BFDAD9B2C3932DB008CEF26 /* Base in Resources */,
			);
			runOnlyForDeploymentPostprocessing = 0;
		};
		5BFDAD9F2C3932DC008CEF26 /* Resources */ = {
			isa = PBXResourcesBuildPhase;
			buildActionMask = 2147483647;
			files = (
			);
			runOnlyForDeploymentPostprocessing = 0;
		};
/* End PBXResourcesBuildPhase section */

/* Begin PBXSourcesBuildPhase section */
		5BFDAD872C3932D8008CEF26 /* Sources */ = {
			isa = PBXSourcesBuildPhase;
			buildActionMask = 2147483647;
			files = (
				5BFDAD932C3932D8008CEF26 /* ViewController.swift in Sources */,
				5BFDAD8F2C3932D8008CEF26 /* AppDelegate.swift in Sources */,
				5B4208A12D8EDDFD005504ED /* NullStore.swift in Sources */,
				5BC899362C527E0F00F7D31A /* CombineHelpers.swift in Sources */,
				5BC898F62C4D09CA00F7D31A /* FeedViewAdapter.swift in Sources */,
				5B7848D52CB287D800E7AE06 /* CommentsUIComposer.swift in Sources */,
				5BC898F92C4D09CA00F7D31A /* FeedUIComposer.swift in Sources */,
				5BFDAD912C3932D8008CEF26 /* SceneDelegate.swift in Sources */,
				5BC898F82C4D09CA00F7D31A /* WeakRefVirtualProxy.swift in Sources */,
				5BC898FA2C4D09CA00F7D31A /* LoadResourcePresentationAdapter.swift in Sources */,
			);
			runOnlyForDeploymentPostprocessing = 0;
		};
		5BFDAD9D2C3932DC008CEF26 /* Sources */ = {
			isa = PBXSourcesBuildPhase;
			buildActionMask = 2147483647;
			files = (
				5B7848D32CB2867C00E7AE06 /* CommentsUIIntegrationTests.swift in Sources */,
				5BC899122C4D0A1900F7D31A /* FeedUIIntegrationTests.swift in Sources */,
				5BC8990B2C4D0A0000F7D31A /* FeedUIIntegrationTests+LoaderSpy.swift in Sources */,
				5B12366D2C42CCF900B17B15 /* SharedTestHelpers.swift in Sources */,
				5BC8990D2C4D0A0000F7D31A /* UIButton+TestHelpers.swift in Sources */,
				5BC899102C4D0A0000F7D31A /* ListViewController+TestHelpers.swift in Sources */,
				5BC899092C4D0A0000F7D31A /* UIControl+TestHelpers.swift in Sources */,
				5B0F4B382C4AE014001E12F4 /* SceneDelegateTests.swift in Sources */,
				5BC899072C4D0A0000F7D31A /* FeedUIIntegrationTests+Assertions.swift in Sources */,
				5BC899242C4EB43600F7D31A /* FeedViewController+FakeRefreshControl.swift in Sources */,
				5BC899162C4D92BA00F7D31A /* HTTPClientStub.swift in Sources */,
				5BC899142C4D0C3400F7D31A /* FeedAcceptanceTests.swift in Sources */,
				5BC899082C4D0A0000F7D31A /* UIRefreshControl+TestHelpers.swift in Sources */,
				5BC899322C5182D500F7D31A /* UIView+TestHelpers.swift in Sources */,
				5BC899282C4EB4B600F7D31A /* FakeRefreshControl.swift in Sources */,
				5B12366B2C42CCAB00B17B15 /* XCTestCase+MemoryLeakTracking.swift in Sources */,
				5BC899062C4D0A0000F7D31A /* UIImage+TestHelpers.swift in Sources */,
				5BC8990A2C4D0A0000F7D31A /* FeedImageCell+TestHelpers.swift in Sources */,
			);
			runOnlyForDeploymentPostprocessing = 0;
		};
/* End PBXSourcesBuildPhase section */

/* Begin PBXTargetDependency section */
		5BFDADA32C3932DC008CEF26 /* PBXTargetDependency */ = {
			isa = PBXTargetDependency;
			target = 5BFDAD8A2C3932D8008CEF26 /* EssentialApp */;
			targetProxy = 5BFDADA22C3932DC008CEF26 /* PBXContainerItemProxy */;
		};
/* End PBXTargetDependency section */

/* Begin PBXVariantGroup section */
		5BFDAD992C3932DB008CEF26 /* LaunchScreen.storyboard */ = {
			isa = PBXVariantGroup;
			children = (
				5BFDAD9A2C3932DB008CEF26 /* Base */,
			);
			name = LaunchScreen.storyboard;
			sourceTree = "<group>";
		};
/* End PBXVariantGroup section */

/* Begin XCBuildConfiguration section */
		5BFDADB32C3932DC008CEF26 /* Debug */ = {
			isa = XCBuildConfiguration;
			buildSettings = {
				ALWAYS_SEARCH_USER_PATHS = NO;
				ASSETCATALOG_COMPILER_GENERATE_SWIFT_ASSET_SYMBOL_EXTENSIONS = YES;
				CLANG_ANALYZER_NONNULL = YES;
				CLANG_ANALYZER_NUMBER_OBJECT_CONVERSION = YES_AGGRESSIVE;
				CLANG_CXX_LANGUAGE_STANDARD = "gnu++20";
				CLANG_ENABLE_MODULES = YES;
				CLANG_ENABLE_OBJC_ARC = YES;
				CLANG_ENABLE_OBJC_WEAK = YES;
				CLANG_WARN_BLOCK_CAPTURE_AUTORELEASING = YES;
				CLANG_WARN_BOOL_CONVERSION = YES;
				CLANG_WARN_COMMA = YES;
				CLANG_WARN_CONSTANT_CONVERSION = YES;
				CLANG_WARN_DEPRECATED_OBJC_IMPLEMENTATIONS = YES;
				CLANG_WARN_DIRECT_OBJC_ISA_USAGE = YES_ERROR;
				CLANG_WARN_DOCUMENTATION_COMMENTS = YES;
				CLANG_WARN_EMPTY_BODY = YES;
				CLANG_WARN_ENUM_CONVERSION = YES;
				CLANG_WARN_INFINITE_RECURSION = YES;
				CLANG_WARN_INT_CONVERSION = YES;
				CLANG_WARN_NON_LITERAL_NULL_CONVERSION = YES;
				CLANG_WARN_OBJC_IMPLICIT_RETAIN_SELF = YES;
				CLANG_WARN_OBJC_LITERAL_CONVERSION = YES;
				CLANG_WARN_OBJC_ROOT_CLASS = YES_ERROR;
				CLANG_WARN_QUOTED_INCLUDE_IN_FRAMEWORK_HEADER = YES;
				CLANG_WARN_RANGE_LOOP_ANALYSIS = YES;
				CLANG_WARN_STRICT_PROTOTYPES = YES;
				CLANG_WARN_SUSPICIOUS_MOVE = YES;
				CLANG_WARN_UNGUARDED_AVAILABILITY = YES_AGGRESSIVE;
				CLANG_WARN_UNREACHABLE_CODE = YES;
				CLANG_WARN__DUPLICATE_METHOD_MATCH = YES;
				COPY_PHASE_STRIP = NO;
				DEBUG_INFORMATION_FORMAT = dwarf;
				ENABLE_STRICT_OBJC_MSGSEND = YES;
				ENABLE_TESTABILITY = YES;
				ENABLE_USER_SCRIPT_SANDBOXING = YES;
				GCC_C_LANGUAGE_STANDARD = gnu17;
				GCC_DYNAMIC_NO_PIC = NO;
				GCC_NO_COMMON_BLOCKS = YES;
				GCC_OPTIMIZATION_LEVEL = 0;
				GCC_PREPROCESSOR_DEFINITIONS = (
					"DEBUG=1",
					"$(inherited)",
				);
				GCC_WARN_64_TO_32_BIT_CONVERSION = YES;
				GCC_WARN_ABOUT_RETURN_TYPE = YES_ERROR;
				GCC_WARN_UNDECLARED_SELECTOR = YES;
				GCC_WARN_UNINITIALIZED_AUTOS = YES_AGGRESSIVE;
				GCC_WARN_UNUSED_FUNCTION = YES;
				GCC_WARN_UNUSED_VARIABLE = YES;
				IPHONEOS_DEPLOYMENT_TARGET = 18.0;
				LOCALIZATION_PREFERS_STRING_CATALOGS = YES;
				MACOSX_DEPLOYMENT_TARGET = 14.6;
				MTL_ENABLE_DEBUG_INFO = INCLUDE_SOURCE;
				MTL_FAST_MATH = YES;
				ONLY_ACTIVE_ARCH = YES;
				SDKROOT = iphoneos;
				SWIFT_ACTIVE_COMPILATION_CONDITIONS = "DEBUG $(inherited)";
				SWIFT_OPTIMIZATION_LEVEL = "-Onone";
			};
			name = Debug;
		};
		5BFDADB42C3932DC008CEF26 /* Release */ = {
			isa = XCBuildConfiguration;
			buildSettings = {
				ALWAYS_SEARCH_USER_PATHS = NO;
				ASSETCATALOG_COMPILER_GENERATE_SWIFT_ASSET_SYMBOL_EXTENSIONS = YES;
				CLANG_ANALYZER_NONNULL = YES;
				CLANG_ANALYZER_NUMBER_OBJECT_CONVERSION = YES_AGGRESSIVE;
				CLANG_CXX_LANGUAGE_STANDARD = "gnu++20";
				CLANG_ENABLE_MODULES = YES;
				CLANG_ENABLE_OBJC_ARC = YES;
				CLANG_ENABLE_OBJC_WEAK = YES;
				CLANG_WARN_BLOCK_CAPTURE_AUTORELEASING = YES;
				CLANG_WARN_BOOL_CONVERSION = YES;
				CLANG_WARN_COMMA = YES;
				CLANG_WARN_CONSTANT_CONVERSION = YES;
				CLANG_WARN_DEPRECATED_OBJC_IMPLEMENTATIONS = YES;
				CLANG_WARN_DIRECT_OBJC_ISA_USAGE = YES_ERROR;
				CLANG_WARN_DOCUMENTATION_COMMENTS = YES;
				CLANG_WARN_EMPTY_BODY = YES;
				CLANG_WARN_ENUM_CONVERSION = YES;
				CLANG_WARN_INFINITE_RECURSION = YES;
				CLANG_WARN_INT_CONVERSION = YES;
				CLANG_WARN_NON_LITERAL_NULL_CONVERSION = YES;
				CLANG_WARN_OBJC_IMPLICIT_RETAIN_SELF = YES;
				CLANG_WARN_OBJC_LITERAL_CONVERSION = YES;
				CLANG_WARN_OBJC_ROOT_CLASS = YES_ERROR;
				CLANG_WARN_QUOTED_INCLUDE_IN_FRAMEWORK_HEADER = YES;
				CLANG_WARN_RANGE_LOOP_ANALYSIS = YES;
				CLANG_WARN_STRICT_PROTOTYPES = YES;
				CLANG_WARN_SUSPICIOUS_MOVE = YES;
				CLANG_WARN_UNGUARDED_AVAILABILITY = YES_AGGRESSIVE;
				CLANG_WARN_UNREACHABLE_CODE = YES;
				CLANG_WARN__DUPLICATE_METHOD_MATCH = YES;
				COPY_PHASE_STRIP = NO;
				DEBUG_INFORMATION_FORMAT = "dwarf-with-dsym";
				ENABLE_NS_ASSERTIONS = NO;
				ENABLE_STRICT_OBJC_MSGSEND = YES;
				ENABLE_USER_SCRIPT_SANDBOXING = YES;
				GCC_C_LANGUAGE_STANDARD = gnu17;
				GCC_NO_COMMON_BLOCKS = YES;
				GCC_WARN_64_TO_32_BIT_CONVERSION = YES;
				GCC_WARN_ABOUT_RETURN_TYPE = YES_ERROR;
				GCC_WARN_UNDECLARED_SELECTOR = YES;
				GCC_WARN_UNINITIALIZED_AUTOS = YES_AGGRESSIVE;
				GCC_WARN_UNUSED_FUNCTION = YES;
				GCC_WARN_UNUSED_VARIABLE = YES;
				IPHONEOS_DEPLOYMENT_TARGET = 18.0;
				LOCALIZATION_PREFERS_STRING_CATALOGS = YES;
				MACOSX_DEPLOYMENT_TARGET = 14.6;
				MTL_ENABLE_DEBUG_INFO = NO;
				MTL_FAST_MATH = YES;
				SDKROOT = iphoneos;
				SWIFT_COMPILATION_MODE = wholemodule;
				VALIDATE_PRODUCT = YES;
			};
			name = Release;
		};
		5BFDADB62C3932DC008CEF26 /* Debug */ = {
			isa = XCBuildConfiguration;
			buildSettings = {
				ASSETCATALOG_COMPILER_APPICON_NAME = AppIcon;
				ASSETCATALOG_COMPILER_GLOBAL_ACCENT_COLOR_NAME = AccentColor;
				CODE_SIGN_STYLE = Automatic;
				CURRENT_PROJECT_VERSION = 1;
				GENERATE_INFOPLIST_FILE = YES;
				INFOPLIST_FILE = EssentialApp/Info.plist;
				INFOPLIST_KEY_UIApplicationSupportsIndirectInputEvents = YES;
				INFOPLIST_KEY_UILaunchStoryboardName = LaunchScreen;
				INFOPLIST_KEY_UIMainStoryboardFile = "";
				INFOPLIST_KEY_UISupportedInterfaceOrientations = UIInterfaceOrientationPortrait;
				LD_RUNPATH_SEARCH_PATHS = (
					"$(inherited)",
					"@executable_path/Frameworks",
				);
				MACOSX_DEPLOYMENT_TARGET = 14.6;
				MARKETING_VERSION = 1.0;
				PRODUCT_BUNDLE_IDENTIFIER = com.efernandez.EssentialApp;
				PRODUCT_NAME = "$(TARGET_NAME)";
				SWIFT_EMIT_LOC_STRINGS = YES;
				SWIFT_VERSION = 5.0;
				TARGETED_DEVICE_FAMILY = "1,2";
			};
			name = Debug;
		};
		5BFDADB72C3932DC008CEF26 /* Release */ = {
			isa = XCBuildConfiguration;
			buildSettings = {
				ASSETCATALOG_COMPILER_APPICON_NAME = AppIcon;
				ASSETCATALOG_COMPILER_GLOBAL_ACCENT_COLOR_NAME = AccentColor;
				CODE_SIGN_STYLE = Automatic;
				CURRENT_PROJECT_VERSION = 1;
				GENERATE_INFOPLIST_FILE = YES;
				INFOPLIST_FILE = EssentialApp/Info.plist;
				INFOPLIST_KEY_UIApplicationSupportsIndirectInputEvents = YES;
				INFOPLIST_KEY_UILaunchStoryboardName = LaunchScreen;
				INFOPLIST_KEY_UIMainStoryboardFile = "";
				INFOPLIST_KEY_UISupportedInterfaceOrientations = UIInterfaceOrientationPortrait;
				LD_RUNPATH_SEARCH_PATHS = (
					"$(inherited)",
					"@executable_path/Frameworks",
				);
				MACOSX_DEPLOYMENT_TARGET = 14.6;
				MARKETING_VERSION = 1.0;
				PRODUCT_BUNDLE_IDENTIFIER = com.efernandez.EssentialApp;
				PRODUCT_NAME = "$(TARGET_NAME)";
				SWIFT_EMIT_LOC_STRINGS = YES;
				SWIFT_VERSION = 5.0;
				TARGETED_DEVICE_FAMILY = "1,2";
			};
			name = Release;
		};
		5BFDADB92C3932DC008CEF26 /* Debug */ = {
			isa = XCBuildConfiguration;
			buildSettings = {
				BUNDLE_LOADER = "$(TEST_HOST)";
				CLANG_ENABLE_MODULES = YES;
				"CODE_SIGN_IDENTITY[sdk=macosx*]" = "-";
				CODE_SIGN_STYLE = Automatic;
				CURRENT_PROJECT_VERSION = 1;
				GENERATE_INFOPLIST_FILE = YES;
				IPHONEOS_DEPLOYMENT_TARGET = 18.0;
				MARKETING_VERSION = 1.0;
				PRODUCT_BUNDLE_IDENTIFIER = com.efernandez.EssentialAppTests;
				PRODUCT_NAME = "$(TARGET_NAME)";
				SWIFT_EMIT_LOC_STRINGS = NO;
				SWIFT_OPTIMIZATION_LEVEL = "-Onone";
				SWIFT_VERSION = 5.0;
				TARGETED_DEVICE_FAMILY = "1,2";
				TEST_HOST = "$(BUILT_PRODUCTS_DIR)/EssentialApp.app/$(BUNDLE_EXECUTABLE_FOLDER_PATH)/EssentialApp";
			};
			name = Debug;
		};
		5BFDADBA2C3932DC008CEF26 /* Release */ = {
			isa = XCBuildConfiguration;
			buildSettings = {
				BUNDLE_LOADER = "$(TEST_HOST)";
				CLANG_ENABLE_MODULES = YES;
				"CODE_SIGN_IDENTITY[sdk=macosx*]" = "-";
				CODE_SIGN_STYLE = Automatic;
				CURRENT_PROJECT_VERSION = 1;
				GENERATE_INFOPLIST_FILE = YES;
				IPHONEOS_DEPLOYMENT_TARGET = 18.0;
				MARKETING_VERSION = 1.0;
				PRODUCT_BUNDLE_IDENTIFIER = com.efernandez.EssentialAppTests;
				PRODUCT_NAME = "$(TARGET_NAME)";
				SWIFT_EMIT_LOC_STRINGS = NO;
				SWIFT_VERSION = 5.0;
				TARGETED_DEVICE_FAMILY = "1,2";
				TEST_HOST = "$(BUILT_PRODUCTS_DIR)/EssentialApp.app/$(BUNDLE_EXECUTABLE_FOLDER_PATH)/EssentialApp";
			};
			name = Release;
		};
/* End XCBuildConfiguration section */

/* Begin XCConfigurationList section */
		5BFDAD862C3932D8008CEF26 /* Build configuration list for PBXProject "EssentialApp" */ = {
			isa = XCConfigurationList;
			buildConfigurations = (
				5BFDADB32C3932DC008CEF26 /* Debug */,
				5BFDADB42C3932DC008CEF26 /* Release */,
			);
			defaultConfigurationIsVisible = 0;
			defaultConfigurationName = Release;
		};
		5BFDADB52C3932DC008CEF26 /* Build configuration list for PBXNativeTarget "EssentialApp" */ = {
			isa = XCConfigurationList;
			buildConfigurations = (
				5BFDADB62C3932DC008CEF26 /* Debug */,
				5BFDADB72C3932DC008CEF26 /* Release */,
			);
			defaultConfigurationIsVisible = 0;
			defaultConfigurationName = Release;
		};
		5BFDADB82C3932DC008CEF26 /* Build configuration list for PBXNativeTarget "EssentialAppTests" */ = {
			isa = XCConfigurationList;
			buildConfigurations = (
				5BFDADB92C3932DC008CEF26 /* Debug */,
				5BFDADBA2C3932DC008CEF26 /* Release */,
			);
			defaultConfigurationIsVisible = 0;
			defaultConfigurationName = Release;
		};
/* End XCConfigurationList section */
	};
	rootObject = 5BFDAD832C3932D8008CEF26 /* Project object */;
}
